// !$*UTF8*$!
{
	archiveVersion = 1;
	classes = {
	};
	objectVersion = 56;
	objects = {

/* Begin PBXBuildFile section */
		E5001F852B5BA011004B65E6 /* Line.swift in Sources */ = {isa = PBXBuildFile; fileRef = E5001F842B5BA011004B65E6 /* Line.swift */; };
		E5001F872B5BA4C0004B65E6 /* BoxSenderInfo.swift in Sources */ = {isa = PBXBuildFile; fileRef = E5001F862B5BA4C0004B65E6 /* BoxSenderInfo.swift */; };
		E5001F892B5BC09A004B65E6 /* AlertButtonTint.swift in Sources */ = {isa = PBXBuildFile; fileRef = E5001F882B5BC09A004B65E6 /* AlertButtonTint.swift */; };
		E5001F8E2B5BE422004B65E6 /* UploadClient.swift in Sources */ = {isa = PBXBuildFile; fileRef = E5001F8D2B5BE422004B65E6 /* UploadClient.swift */; };
		E5001F912B5BE44D004B65E6 /* UploadEndpoint.swift in Sources */ = {isa = PBXBuildFile; fileRef = E5001F902B5BE44D004B65E6 /* UploadEndpoint.swift */; };
		E5001F932B5BE5DD004B65E6 /* PreSignedUrlResponse.swift in Sources */ = {isa = PBXBuildFile; fileRef = E5001F922B5BE5DD004B65E6 /* PreSignedUrlResponse.swift */; };
		E5001F962B5BEAF6004B65E6 /* URL+Trimming.swift in Sources */ = {isa = PBXBuildFile; fileRef = E5001F952B5BEAF6004B65E6 /* URL+Trimming.swift */; };
		E52470ED2B612DD3003D49DE /* TextButtonStyle.swift in Sources */ = {isa = PBXBuildFile; fileRef = E52470EC2B612DD3003D49DE /* TextButtonStyle.swift */; };
		E52470EF2B6134EE003D49DE /* Array+SafeIndex.swift in Sources */ = {isa = PBXBuildFile; fileRef = E52470EE2B6134EE003D49DE /* Array+SafeIndex.swift */; };
		E52470F22B6142EB003D49DE /* BoxStartGuideView+AddGiftSheet.swift in Sources */ = {isa = PBXBuildFile; fileRef = E52470F12B6142EB003D49DE /* BoxStartGuideView+AddGiftSheet.swift */; };
		E52470F42B6144D7003D49DE /* PhotoPicker.swift in Sources */ = {isa = PBXBuildFile; fileRef = E52470F32B6144D7003D49DE /* PhotoPicker.swift */; };
		E5551B792B5FE8E300DB81F3 /* TokenInterceptor.swift in Sources */ = {isa = PBXBuildFile; fileRef = E5551B782B5FE8E300DB81F3 /* TokenInterceptor.swift */; };
		E5551B7B2B5FF2AF00DB81F3 /* HTTPSession.swift in Sources */ = {isa = PBXBuildFile; fileRef = E5551B7A2B5FF2AF00DB81F3 /* HTTPSession.swift */; };
		E5551B7D2B5FF5AD00DB81F3 /* MoyaProvider+Build.swift in Sources */ = {isa = PBXBuildFile; fileRef = E5551B7C2B5FF5AD00DB81F3 /* MoyaProvider+Build.swift */; };
		E5551B7F2B6001CC00DB81F3 /* BoxStartGuideView+SelectBoxSheet.swift in Sources */ = {isa = PBXBuildFile; fileRef = E5551B7E2B6001CC00DB81F3 /* BoxStartGuideView+SelectBoxSheet.swift */; };
		E58048C12B5BF0D200B974B3 /* UIImage+Compression.swift in Sources */ = {isa = PBXBuildFile; fileRef = E58048C02B5BF0D200B974B3 /* UIImage+Compression.swift */; };
		E58048C32B5BFF3800B974B3 /* BoxStartGuideView+LetterSheet.swift in Sources */ = {isa = PBXBuildFile; fileRef = E58048C22B5BFF3800B974B3 /* BoxStartGuideView+LetterSheet.swift */; };
		E58048C92B5C36DD00B974B3 /* CornerRadiusWithBorderModifier.swift in Sources */ = {isa = PBXBuildFile; fileRef = E58048C82B5C36DD00B974B3 /* CornerRadiusWithBorderModifier.swift */; };
		E58048CB2B5C394700B974B3 /* Snackbar.swift in Sources */ = {isa = PBXBuildFile; fileRef = E58048CA2B5C394700B974B3 /* Snackbar.swift */; };
		E58048CD2B5CE2A300B974B3 /* UIScreen+CheckScreenSize.swift in Sources */ = {isa = PBXBuildFile; fileRef = E58048CC2B5CE2A300B974B3 /* UIScreen+CheckScreenSize.swift */; };
		E58A7B072B57FA3F0059FBF3 /* KakaoSDKAuth in Frameworks */ = {isa = PBXBuildFile; productRef = E58A7B062B57FA3F0059FBF3 /* KakaoSDKAuth */; };
		E58A7B092B57FA3F0059FBF3 /* KakaoSDKCommon in Frameworks */ = {isa = PBXBuildFile; productRef = E58A7B082B57FA3F0059FBF3 /* KakaoSDKCommon */; };
		E58A7B0B2B57FA3F0059FBF3 /* KakaoSDKUser in Frameworks */ = {isa = PBXBuildFile; productRef = E58A7B0A2B57FA3F0059FBF3 /* KakaoSDKUser */; };
		E5A416A22B5D076C00313E5A /* PopGestureDisableModifier.swift in Sources */ = {isa = PBXBuildFile; fileRef = E5A416A12B5D076C00313E5A /* PopGestureDisableModifier.swift */; };
		E5A416A52B5D1F8100313E5A /* BoxEndpoint.swift in Sources */ = {isa = PBXBuildFile; fileRef = E5A416A42B5D1F8100313E5A /* BoxEndpoint.swift */; };
		E5A416A72B5D20DC00313E5A /* BoxClient.swift in Sources */ = {isa = PBXBuildFile; fileRef = E5A416A62B5D20DC00313E5A /* BoxClient.swift */; };
		E5A416A92B5D212300313E5A /* RecommendedMusic.swift in Sources */ = {isa = PBXBuildFile; fileRef = E5A416A82B5D212300313E5A /* RecommendedMusic.swift */; };
		E5A416AB2B5D215800313E5A /* ProfileImage.swift in Sources */ = {isa = PBXBuildFile; fileRef = E5A416AA2B5D215800313E5A /* ProfileImage.swift */; };
		E5A416AD2B5D218E00313E5A /* MessageDesign.swift in Sources */ = {isa = PBXBuildFile; fileRef = E5A416AC2B5D218D00313E5A /* MessageDesign.swift */; };
		E5A416AF2B5D21B700313E5A /* LetterDesign.swift in Sources */ = {isa = PBXBuildFile; fileRef = E5A416AE2B5D21B700313E5A /* LetterDesign.swift */; };
		E5A416B12B5D220B00313E5A /* BoxDesign.swift in Sources */ = {isa = PBXBuildFile; fileRef = E5A416B02B5D220B00313E5A /* BoxDesign.swift */; };
		E5A416B32B5D350C00313E5A /* BoxStartGuideView+StickerSheet.swift in Sources */ = {isa = PBXBuildFile; fileRef = E5A416B22B5D350C00313E5A /* BoxStartGuideView+StickerSheet.swift */; };
		E5A416B52B5D439300313E5A /* PackyAlert.swift in Sources */ = {isa = PBXBuildFile; fileRef = E5A416B42B5D439300313E5A /* PackyAlert.swift */; };
		E5A7AA362B57F81400590EA6 /* Color+Hex.swift in Sources */ = {isa = PBXBuildFile; fileRef = E5A7A9B72B57F81400590EA6 /* Color+Hex.swift */; };
		E5A7AA372B57F81400590EA6 /* TextField+LimitInputLength.swift in Sources */ = {isa = PBXBuildFile; fileRef = E5A7A9B82B57F81400590EA6 /* TextField+LimitInputLength.swift */; };
		E5A7AA382B57F81400590EA6 /* Image+ScaleToFillFrame.swift in Sources */ = {isa = PBXBuildFile; fileRef = E5A7A9B92B57F81400590EA6 /* Image+ScaleToFillFrame.swift */; };
		E5A7AA392B57F81400590EA6 /* View+If.swift in Sources */ = {isa = PBXBuildFile; fileRef = E5A7A9BA2B57F81400590EA6 /* View+If.swift */; };
		E5A7AA3A2B57F81400590EA6 /* UINavigationController+PopGesture.swift in Sources */ = {isa = PBXBuildFile; fileRef = E5A7A9BB2B57F81400590EA6 /* UINavigationController+PopGesture.swift */; };
		E5A7AA3B2B57F81400590EA6 /* View+GetSize.swift in Sources */ = {isa = PBXBuildFile; fileRef = E5A7A9BC2B57F81400590EA6 /* View+GetSize.swift */; };
		E5A7AA3C2B57F81400590EA6 /* View+HideKeyboard.swift in Sources */ = {isa = PBXBuildFile; fileRef = E5A7A9BD2B57F81400590EA6 /* View+HideKeyboard.swift */; };
		E5A7AA3D2B57F81400590EA6 /* PackyNavigationLink.swift in Sources */ = {isa = PBXBuildFile; fileRef = E5A7A9BF2B57F81400590EA6 /* PackyNavigationLink.swift */; };
		E5A7AA3E2B57F81400590EA6 /* FloatingNavigationBar.swift in Sources */ = {isa = PBXBuildFile; fileRef = E5A7A9C02B57F81400590EA6 /* FloatingNavigationBar.swift */; };
		E5A7AA3F2B57F81400590EA6 /* PackyTextArea.swift in Sources */ = {isa = PBXBuildFile; fileRef = E5A7A9C12B57F81400590EA6 /* PackyTextArea.swift */; };
		E5A7AA402B57F81400590EA6 /* NavigationBar.swift in Sources */ = {isa = PBXBuildFile; fileRef = E5A7A9C22B57F81400590EA6 /* NavigationBar.swift */; };
		E5A7AA412B57F81400590EA6 /* BoxElementShape.swift in Sources */ = {isa = PBXBuildFile; fileRef = E5A7A9C42B57F81400590EA6 /* BoxElementShape.swift */; };
		E5A7AA422B57F81400590EA6 /* CloseButton.swift in Sources */ = {isa = PBXBuildFile; fileRef = E5A7A9C52B57F81400590EA6 /* CloseButton.swift */; };
		E5A7AA432B57F81400590EA6 /* PackyTextField.swift in Sources */ = {isa = PBXBuildFile; fileRef = E5A7A9C62B57F81400590EA6 /* PackyTextField.swift */; };
		E5A7AA442B57F81400590EA6 /* SocialLoginButton.swift in Sources */ = {isa = PBXBuildFile; fileRef = E5A7A9C72B57F81400590EA6 /* SocialLoginButton.swift */; };
		E5A7AA452B57F81400590EA6 /* PhotoElement.swift in Sources */ = {isa = PBXBuildFile; fileRef = E5A7A9C82B57F81400590EA6 /* PhotoElement.swift */; };
		E5A7AA462B57F81400590EA6 /* PackyButton.swift in Sources */ = {isa = PBXBuildFile; fileRef = E5A7A9C92B57F81400590EA6 /* PackyButton.swift */; };
		E5A7AA472B57F81400590EA6 /* MusicPlayerView.swift in Sources */ = {isa = PBXBuildFile; fileRef = E5A7A9CA2B57F81400590EA6 /* MusicPlayerView.swift */; };
		E5A7AA482B57F81400590EA6 /* PageIndicator.swift in Sources */ = {isa = PBXBuildFile; fileRef = E5A7A9CB2B57F81400590EA6 /* PageIndicator.swift */; };
		E5A7AA492B57F81400590EA6 /* Checkbox.swift in Sources */ = {isa = PBXBuildFile; fileRef = E5A7A9CC2B57F81400590EA6 /* Checkbox.swift */; };
		E5A7AA4A2B57F81400590EA6 /* Radio.swift in Sources */ = {isa = PBXBuildFile; fileRef = E5A7A9CD2B57F81400590EA6 /* Radio.swift */; };
		E5A7AA4B2B57F81400590EA6 /* CarouselView.swift in Sources */ = {isa = PBXBuildFile; fileRef = E5A7A9CE2B57F81400590EA6 /* CarouselView.swift */; };
		E5A7AA4C2B57F81400590EA6 /* Font+Pretendard.swift in Sources */ = {isa = PBXBuildFile; fileRef = E5A7A9D02B57F81400590EA6 /* Font+Pretendard.swift */; };
		E5A7AA4D2B57F81400590EA6 /* PackyFont.swift in Sources */ = {isa = PBXBuildFile; fileRef = E5A7A9D12B57F81400590EA6 /* PackyFont.swift */; };
		E5A7AA4E2B57F81400590EA6 /* Font+Packy.swift in Sources */ = {isa = PBXBuildFile; fileRef = E5A7A9D22B57F81400590EA6 /* Font+Packy.swift */; };
		E5A7AA4F2B57F81400590EA6 /* PretendardFont.swift in Sources */ = {isa = PBXBuildFile; fileRef = E5A7A9D32B57F81400590EA6 /* PretendardFont.swift */; };
		E5A7AA502B57F81400590EA6 /* BottomSheetModifier.swift in Sources */ = {isa = PBXBuildFile; fileRef = E5A7A9D52B57F81400590EA6 /* BottomSheetModifier.swift */; };
		E5A7AA512B57F81400590EA6 /* BouncyButtonStyle.swift in Sources */ = {isa = PBXBuildFile; fileRef = E5A7A9D62B57F81400590EA6 /* BouncyButtonStyle.swift */; };
		E5A7AA522B57F81400590EA6 /* SpinningModifier.swift in Sources */ = {isa = PBXBuildFile; fileRef = E5A7A9D72B57F81400590EA6 /* SpinningModifier.swift */; };
		E5A7AA532B57F81400590EA6 /* HomeView.swift in Sources */ = {isa = PBXBuildFile; fileRef = E5A7A9DA2B57F81400590EA6 /* HomeView.swift */; };
		E5A7AA542B57F81400590EA6 /* HomeFeature.swift in Sources */ = {isa = PBXBuildFile; fileRef = E5A7A9DB2B57F81400590EA6 /* HomeFeature.swift */; };
		E5A7AA552B57F81400590EA6 /* BoxChoiceView.swift in Sources */ = {isa = PBXBuildFile; fileRef = E5A7A9DD2B57F81400590EA6 /* BoxChoiceView.swift */; };
		E5A7AA562B57F81400590EA6 /* BoxChoiceFeature.swift in Sources */ = {isa = PBXBuildFile; fileRef = E5A7A9DE2B57F81400590EA6 /* BoxChoiceFeature.swift */; };
		E5A7AA572B57F81400590EA6 /* BoxStartGuideView.swift in Sources */ = {isa = PBXBuildFile; fileRef = E5A7A9DF2B57F81400590EA6 /* BoxStartGuideView.swift */; };
		E5A7AA582B57F81400590EA6 /* MakeBoxFeature+Navigation.swift in Sources */ = {isa = PBXBuildFile; fileRef = E5A7A9E02B57F81400590EA6 /* MakeBoxFeature+Navigation.swift */; };
		E5A7AA592B57F81400590EA6 /* BoxStartGuideFeature.swift in Sources */ = {isa = PBXBuildFile; fileRef = E5A7A9E12B57F81400590EA6 /* BoxStartGuideFeature.swift */; };
		E5A7AA5A2B57F81400590EA6 /* MakeBoxFeature.swift in Sources */ = {isa = PBXBuildFile; fileRef = E5A7A9E22B57F81400590EA6 /* MakeBoxFeature.swift */; };
		E5A7AA5B2B57F81400590EA6 /* MakeBoxView.swift in Sources */ = {isa = PBXBuildFile; fileRef = E5A7A9E32B57F81400590EA6 /* MakeBoxView.swift */; };
		E5A7AA5C2B57F81400590EA6 /* IntroFeature.swift in Sources */ = {isa = PBXBuildFile; fileRef = E5A7A9E62B57F81400590EA6 /* IntroFeature.swift */; };
		E5A7AA5D2B57F81400590EA6 /* IntroView.swift in Sources */ = {isa = PBXBuildFile; fileRef = E5A7A9E72B57F81400590EA6 /* IntroView.swift */; };
		E5A7AA5E2B57F81400590EA6 /* TermsAgreementFeature.swift in Sources */ = {isa = PBXBuildFile; fileRef = E5A7A9EA2B57F81400590EA6 /* TermsAgreementFeature.swift */; };
		E5A7AA5F2B57F81400590EA6 /* TermsAgreementView.swift in Sources */ = {isa = PBXBuildFile; fileRef = E5A7A9EB2B57F81400590EA6 /* TermsAgreementView.swift */; };
		E5A7AA602B57F81400590EA6 /* SignUpNavigation.swift in Sources */ = {isa = PBXBuildFile; fileRef = E5A7A9EC2B57F81400590EA6 /* SignUpNavigation.swift */; };
		E5A7AA612B57F81400590EA6 /* SignUpProfileView.swift in Sources */ = {isa = PBXBuildFile; fileRef = E5A7A9EE2B57F81400590EA6 /* SignUpProfileView.swift */; };
		E5A7AA622B57F81400590EA6 /* SignUpProfileFeature.swift in Sources */ = {isa = PBXBuildFile; fileRef = E5A7A9EF2B57F81400590EA6 /* SignUpProfileFeature.swift */; };
		E5A7AA632B57F81400590EA6 /* SignUpNicknameFeature.swift in Sources */ = {isa = PBXBuildFile; fileRef = E5A7A9F12B57F81400590EA6 /* SignUpNicknameFeature.swift */; };
		E5A7AA642B57F81400590EA6 /* SignUpNicknameView.swift in Sources */ = {isa = PBXBuildFile; fileRef = E5A7A9F22B57F81400590EA6 /* SignUpNicknameView.swift */; };
		E5A7AA652B57F81400590EA6 /* LoginView.swift in Sources */ = {isa = PBXBuildFile; fileRef = E5A7A9F42B57F81400590EA6 /* LoginView.swift */; };
		E5A7AA662B57F81400590EA6 /* LoginFeature.swift in Sources */ = {isa = PBXBuildFile; fileRef = E5A7A9F52B57F81400590EA6 /* LoginFeature.swift */; };
		E5A7AA672B57F81400590EA6 /* OnboardingPage.swift in Sources */ = {isa = PBXBuildFile; fileRef = E5A7A9F72B57F81400590EA6 /* OnboardingPage.swift */; };
		E5A7AA682B57F81400590EA6 /* OnboardingFeature.swift in Sources */ = {isa = PBXBuildFile; fileRef = E5A7A9F82B57F81400590EA6 /* OnboardingFeature.swift */; };
		E5A7AA692B57F81400590EA6 /* OnboardingView.swift in Sources */ = {isa = PBXBuildFile; fileRef = E5A7A9F92B57F81400590EA6 /* OnboardingView.swift */; };
		E5A7AA6A2B57F81400590EA6 /* RootView.swift in Sources */ = {isa = PBXBuildFile; fileRef = E5A7A9FB2B57F81400590EA6 /* RootView.swift */; };
		E5A7AA6B2B57F81400590EA6 /* RootFeature.swift in Sources */ = {isa = PBXBuildFile; fileRef = E5A7A9FC2B57F81400590EA6 /* RootFeature.swift */; };
		E5A7AA6C2B57F81400590EA6 /* HapticManager.swift in Sources */ = {isa = PBXBuildFile; fileRef = E5A7A9FF2B57F81400590EA6 /* HapticManager.swift */; };
		E5A7AA6D2B57F81400590EA6 /* APIKey.swift in Sources */ = {isa = PBXBuildFile; fileRef = E5A7AA002B57F81400590EA6 /* APIKey.swift */; };
		E5A7AA6E2B57F81400590EA6 /* ATTManager.swift in Sources */ = {isa = PBXBuildFile; fileRef = E5A7AA012B57F81400590EA6 /* ATTManager.swift */; };
		E5A7AA6F2B57F81400590EA6 /* MoyaLoggerPlugin.swift in Sources */ = {isa = PBXBuildFile; fileRef = E5A7AA032B57F81400590EA6 /* MoyaLoggerPlugin.swift */; };
		E5A7AA702B57F81400590EA6 /* BaseResponse.swift in Sources */ = {isa = PBXBuildFile; fileRef = E5A7AA042B57F81400590EA6 /* BaseResponse.swift */; };
		E5A7AA712B57F81400590EA6 /* Encodable+ToDictionary.swift in Sources */ = {isa = PBXBuildFile; fileRef = E5A7AA052B57F81400590EA6 /* Encodable+ToDictionary.swift */; };
		E5A7AA722B57F81400590EA6 /* MoyaProvider+Request.swift in Sources */ = {isa = PBXBuildFile; fileRef = E5A7AA062B57F81400590EA6 /* MoyaProvider+Request.swift */; };
		E5A7AA732B57F81400590EA6 /* SocialLoginProvider.swift in Sources */ = {isa = PBXBuildFile; fileRef = E5A7AA082B57F81400590EA6 /* SocialLoginProvider.swift */; };
		E5A7AA742B57F81400590EA6 /* Terms.swift in Sources */ = {isa = PBXBuildFile; fileRef = E5A7AA092B57F81400590EA6 /* Terms.swift */; };
		E5A7AA752B57F81400590EA6 /* PackyApp.swift in Sources */ = {isa = PBXBuildFile; fileRef = E5A7AA0B2B57F81400590EA6 /* PackyApp.swift */; };
		E5A7AA762B57F81400590EA6 /* APIKeys.xcconfig in Resources */ = {isa = PBXBuildFile; fileRef = E5A7AA0C2B57F81400590EA6 /* APIKeys.xcconfig */; };
		E5A7AA772B57F81400590EA6 /* SignInResponse.swift in Sources */ = {isa = PBXBuildFile; fileRef = E5A7AA102B57F81400590EA6 /* SignInResponse.swift */; };
		E5A7AA782B57F81400590EA6 /* TokenRequest.swift in Sources */ = {isa = PBXBuildFile; fileRef = E5A7AA112B57F81400590EA6 /* TokenRequest.swift */; };
		E5A7AA792B57F81400590EA6 /* SignUpRequest.swift in Sources */ = {isa = PBXBuildFile; fileRef = E5A7AA122B57F81400590EA6 /* SignUpRequest.swift */; };
		E5A7AA7A2B57F81400590EA6 /* SignInRequest.swift in Sources */ = {isa = PBXBuildFile; fileRef = E5A7AA132B57F81400590EA6 /* SignInRequest.swift */; };
		E5A7AA7B2B57F81400590EA6 /* TokenInfoResponse.swift in Sources */ = {isa = PBXBuildFile; fileRef = E5A7AA142B57F81400590EA6 /* TokenInfoResponse.swift */; };
		E5A7AA7C2B57F81400590EA6 /* AuthClient.swift in Sources */ = {isa = PBXBuildFile; fileRef = E5A7AA152B57F81400590EA6 /* AuthClient.swift */; };
		E5A7AA7D2B57F81400590EA6 /* AuthEndpoint.swift in Sources */ = {isa = PBXBuildFile; fileRef = E5A7AA162B57F81400590EA6 /* AuthEndpoint.swift */; };
		E5A7AA7E2B57F81400590EA6 /* KeychainClient.swift in Sources */ = {isa = PBXBuildFile; fileRef = E5A7AA192B57F81400590EA6 /* KeychainClient.swift */; };
		E5A7AA7F2B57F81400590EA6 /* UserDefaultsKey.swift in Sources */ = {isa = PBXBuildFile; fileRef = E5A7AA1B2B57F81400590EA6 /* UserDefaultsKey.swift */; };
		E5A7AA802B57F81400590EA6 /* UserDefaultsClient.swift in Sources */ = {isa = PBXBuildFile; fileRef = E5A7AA1C2B57F81400590EA6 /* UserDefaultsClient.swift */; };
		E5A7AA812B57F81400590EA6 /* SocialLoginInfo.swift in Sources */ = {isa = PBXBuildFile; fileRef = E5A7AA1F2B57F81400590EA6 /* SocialLoginInfo.swift */; };
		E5A7AA822B57F81400590EA6 /* KakaoLoginController.swift in Sources */ = {isa = PBXBuildFile; fileRef = E5A7AA212B57F81400590EA6 /* KakaoLoginController.swift */; };
		E5A7AA832B57F81400590EA6 /* AppleLoginController.swift in Sources */ = {isa = PBXBuildFile; fileRef = E5A7AA222B57F81400590EA6 /* AppleLoginController.swift */; };
		E5A7AA842B57F81400590EA6 /* SocialLoginClient.swift in Sources */ = {isa = PBXBuildFile; fileRef = E5A7AA232B57F81400590EA6 /* SocialLoginClient.swift */; };
		E5A7AA852B57F81400590EA6 /* UserNotificationClient.swift in Sources */ = {isa = PBXBuildFile; fileRef = E5A7AA252B57F81400590EA6 /* UserNotificationClient.swift */; };
		E5A7AA862B57F81400590EA6 /* Assets.xcassets in Resources */ = {isa = PBXBuildFile; fileRef = E5A7AA282B57F81400590EA6 /* Assets.xcassets */; };
		E5A7AA872B57F81400590EA6 /* Preview Assets.xcassets in Resources */ = {isa = PBXBuildFile; fileRef = E5A7AA2A2B57F81400590EA6 /* Preview Assets.xcassets */; };
		E5A7AA882B57F81400590EA6 /* Pretendard-Regular.otf in Resources */ = {isa = PBXBuildFile; fileRef = E5A7AA2C2B57F81400590EA6 /* Pretendard-Regular.otf */; };
		E5A7AA892B57F81400590EA6 /* Pretendard-Black.otf in Resources */ = {isa = PBXBuildFile; fileRef = E5A7AA2D2B57F81400590EA6 /* Pretendard-Black.otf */; };
		E5A7AA8A2B57F81400590EA6 /* Pretendard-Medium.otf in Resources */ = {isa = PBXBuildFile; fileRef = E5A7AA2E2B57F81400590EA6 /* Pretendard-Medium.otf */; };
		E5A7AA8B2B57F81400590EA6 /* Pretendard-Light.otf in Resources */ = {isa = PBXBuildFile; fileRef = E5A7AA2F2B57F81400590EA6 /* Pretendard-Light.otf */; };
		E5A7AA8C2B57F81400590EA6 /* Pretendard-ExtraBold.otf in Resources */ = {isa = PBXBuildFile; fileRef = E5A7AA302B57F81400590EA6 /* Pretendard-ExtraBold.otf */; };
		E5A7AA8D2B57F81400590EA6 /* Pretendard-Bold.otf in Resources */ = {isa = PBXBuildFile; fileRef = E5A7AA312B57F81400590EA6 /* Pretendard-Bold.otf */; };
		E5A7AA8E2B57F81400590EA6 /* Pretendard-Thin.otf in Resources */ = {isa = PBXBuildFile; fileRef = E5A7AA322B57F81400590EA6 /* Pretendard-Thin.otf */; };
		E5A7AA8F2B57F81400590EA6 /* Pretendard-ExtraLight.otf in Resources */ = {isa = PBXBuildFile; fileRef = E5A7AA332B57F81400590EA6 /* Pretendard-ExtraLight.otf */; };
		E5A7AA902B57F81400590EA6 /* Pretendard-SemiBold.otf in Resources */ = {isa = PBXBuildFile; fileRef = E5A7AA342B57F81400590EA6 /* Pretendard-SemiBold.otf */; };
		E5A7AA942B57F89C00590EA6 /* YouTubePlayerKit in Frameworks */ = {isa = PBXBuildFile; productRef = E5A7AA932B57F89C00590EA6 /* YouTubePlayerKit */; };
		E5A7AA972B57F8A300590EA6 /* Moya in Frameworks */ = {isa = PBXBuildFile; productRef = E5A7AA962B57F8A300590EA6 /* Moya */; };
		E5AC66EB2B62AB9900F3CBF0 /* PackyAlertClient.swift in Sources */ = {isa = PBXBuildFile; fileRef = E5AC66EA2B62AB9900F3CBF0 /* PackyAlertClient.swift */; };
		E5AC66ED2B62B1CB00F3CBF0 /* PackyAlertManager.swift in Sources */ = {isa = PBXBuildFile; fileRef = E5AC66EC2B62B1CB00F3CBF0 /* PackyAlertManager.swift */; };
		E5AC66EF2B62B24700F3CBF0 /* PassThroughWindow.swift in Sources */ = {isa = PBXBuildFile; fileRef = E5AC66EE2B62B24700F3CBF0 /* PassThroughWindow.swift */; };
		E5AC66F12B62B95B00F3CBF0 /* StickerDesign.swift in Sources */ = {isa = PBXBuildFile; fileRef = E5AC66F02B62B95B00F3CBF0 /* StickerDesign.swift */; };
		E5AC66F32B62BC8400F3CBF0 /* Sequence+SortByKeypath.swift in Sources */ = {isa = PBXBuildFile; fileRef = E5AC66F22B62BC8400F3CBF0 /* Sequence+SortByKeypath.swift */; };
		E5D0129A2B58086F00236FEF /* SetWindowBackground.swift in Sources */ = {isa = PBXBuildFile; fileRef = E5D012992B58086F00236FEF /* SetWindowBackground.swift */; };
		E5D749762B4A7B9200213F63 /* Alamofire in Frameworks */ = {isa = PBXBuildFile; productRef = E5D749752B4A7B9200213F63 /* Alamofire */; };
		E5D749792B4A7C1A00213F63 /* ComposableArchitecture in Frameworks */ = {isa = PBXBuildFile; productRef = E5D749782B4A7C1A00213F63 /* ComposableArchitecture */; };
		E5D7497C2B4A7C3300213F63 /* Kingfisher in Frameworks */ = {isa = PBXBuildFile; productRef = E5D7497B2B4A7C3300213F63 /* Kingfisher */; };
		E5E73D4A2B597C0200729D99 /* BoxStartGuideView+MusicSheet.swift in Sources */ = {isa = PBXBuildFile; fileRef = E5E73D492B597C0200729D99 /* BoxStartGuideView+MusicSheet.swift */; };
		E5E73D4C2B597CB600729D99 /* BoxStartGuideView+PhotoSheet.swift in Sources */ = {isa = PBXBuildFile; fileRef = E5E73D4B2B597CB600729D99 /* BoxStartGuideView+PhotoSheet.swift */; };
/* End PBXBuildFile section */

/* Begin PBXFileReference section */
		E5001F842B5BA011004B65E6 /* Line.swift */ = {isa = PBXFileReference; lastKnownFileType = sourcecode.swift; path = Line.swift; sourceTree = "<group>"; };
		E5001F862B5BA4C0004B65E6 /* BoxSenderInfo.swift */ = {isa = PBXFileReference; lastKnownFileType = sourcecode.swift; path = BoxSenderInfo.swift; sourceTree = "<group>"; };
		E5001F882B5BC09A004B65E6 /* AlertButtonTint.swift */ = {isa = PBXFileReference; lastKnownFileType = sourcecode.swift; path = AlertButtonTint.swift; sourceTree = "<group>"; };
		E5001F8D2B5BE422004B65E6 /* UploadClient.swift */ = {isa = PBXFileReference; lastKnownFileType = sourcecode.swift; path = UploadClient.swift; sourceTree = "<group>"; };
		E5001F902B5BE44D004B65E6 /* UploadEndpoint.swift */ = {isa = PBXFileReference; lastKnownFileType = sourcecode.swift; path = UploadEndpoint.swift; sourceTree = "<group>"; };
		E5001F922B5BE5DD004B65E6 /* PreSignedUrlResponse.swift */ = {isa = PBXFileReference; lastKnownFileType = sourcecode.swift; path = PreSignedUrlResponse.swift; sourceTree = "<group>"; };
		E5001F952B5BEAF6004B65E6 /* URL+Trimming.swift */ = {isa = PBXFileReference; lastKnownFileType = sourcecode.swift; path = "URL+Trimming.swift"; sourceTree = "<group>"; };
		E52470EC2B612DD3003D49DE /* TextButtonStyle.swift */ = {isa = PBXFileReference; lastKnownFileType = sourcecode.swift; path = TextButtonStyle.swift; sourceTree = "<group>"; };
		E52470EE2B6134EE003D49DE /* Array+SafeIndex.swift */ = {isa = PBXFileReference; lastKnownFileType = sourcecode.swift; path = "Array+SafeIndex.swift"; sourceTree = "<group>"; };
		E52470F12B6142EB003D49DE /* BoxStartGuideView+AddGiftSheet.swift */ = {isa = PBXFileReference; lastKnownFileType = sourcecode.swift; path = "BoxStartGuideView+AddGiftSheet.swift"; sourceTree = "<group>"; };
		E52470F32B6144D7003D49DE /* PhotoPicker.swift */ = {isa = PBXFileReference; lastKnownFileType = sourcecode.swift; path = PhotoPicker.swift; sourceTree = "<group>"; };
		E5551B782B5FE8E300DB81F3 /* TokenInterceptor.swift */ = {isa = PBXFileReference; lastKnownFileType = sourcecode.swift; path = TokenInterceptor.swift; sourceTree = "<group>"; };
		E5551B7A2B5FF2AF00DB81F3 /* HTTPSession.swift */ = {isa = PBXFileReference; lastKnownFileType = sourcecode.swift; path = HTTPSession.swift; sourceTree = "<group>"; };
		E5551B7C2B5FF5AD00DB81F3 /* MoyaProvider+Build.swift */ = {isa = PBXFileReference; lastKnownFileType = sourcecode.swift; path = "MoyaProvider+Build.swift"; sourceTree = "<group>"; };
		E5551B7E2B6001CC00DB81F3 /* BoxStartGuideView+SelectBoxSheet.swift */ = {isa = PBXFileReference; lastKnownFileType = sourcecode.swift; path = "BoxStartGuideView+SelectBoxSheet.swift"; sourceTree = "<group>"; };
		E58048C02B5BF0D200B974B3 /* UIImage+Compression.swift */ = {isa = PBXFileReference; lastKnownFileType = sourcecode.swift; path = "UIImage+Compression.swift"; sourceTree = "<group>"; };
		E58048C22B5BFF3800B974B3 /* BoxStartGuideView+LetterSheet.swift */ = {isa = PBXFileReference; lastKnownFileType = sourcecode.swift; path = "BoxStartGuideView+LetterSheet.swift"; sourceTree = "<group>"; };
		E58048C82B5C36DD00B974B3 /* CornerRadiusWithBorderModifier.swift */ = {isa = PBXFileReference; lastKnownFileType = sourcecode.swift; path = CornerRadiusWithBorderModifier.swift; sourceTree = "<group>"; };
		E58048CA2B5C394700B974B3 /* Snackbar.swift */ = {isa = PBXFileReference; lastKnownFileType = sourcecode.swift; path = Snackbar.swift; sourceTree = "<group>"; };
		E58048CC2B5CE2A300B974B3 /* UIScreen+CheckScreenSize.swift */ = {isa = PBXFileReference; lastKnownFileType = sourcecode.swift; path = "UIScreen+CheckScreenSize.swift"; sourceTree = "<group>"; };
		E5A416A12B5D076C00313E5A /* PopGestureDisableModifier.swift */ = {isa = PBXFileReference; lastKnownFileType = sourcecode.swift; path = PopGestureDisableModifier.swift; sourceTree = "<group>"; };
		E5A416A42B5D1F8100313E5A /* BoxEndpoint.swift */ = {isa = PBXFileReference; lastKnownFileType = sourcecode.swift; path = BoxEndpoint.swift; sourceTree = "<group>"; };
		E5A416A62B5D20DC00313E5A /* BoxClient.swift */ = {isa = PBXFileReference; lastKnownFileType = sourcecode.swift; path = BoxClient.swift; sourceTree = "<group>"; };
		E5A416A82B5D212300313E5A /* RecommendedMusic.swift */ = {isa = PBXFileReference; lastKnownFileType = sourcecode.swift; path = RecommendedMusic.swift; sourceTree = "<group>"; };
		E5A416AA2B5D215800313E5A /* ProfileImage.swift */ = {isa = PBXFileReference; lastKnownFileType = sourcecode.swift; path = ProfileImage.swift; sourceTree = "<group>"; };
		E5A416AC2B5D218D00313E5A /* MessageDesign.swift */ = {isa = PBXFileReference; lastKnownFileType = sourcecode.swift; path = MessageDesign.swift; sourceTree = "<group>"; };
		E5A416AE2B5D21B700313E5A /* LetterDesign.swift */ = {isa = PBXFileReference; lastKnownFileType = sourcecode.swift; path = LetterDesign.swift; sourceTree = "<group>"; };
		E5A416B02B5D220B00313E5A /* BoxDesign.swift */ = {isa = PBXFileReference; lastKnownFileType = sourcecode.swift; path = BoxDesign.swift; sourceTree = "<group>"; };
		E5A416B22B5D350C00313E5A /* BoxStartGuideView+StickerSheet.swift */ = {isa = PBXFileReference; lastKnownFileType = sourcecode.swift; path = "BoxStartGuideView+StickerSheet.swift"; sourceTree = "<group>"; };
		E5A416B42B5D439300313E5A /* PackyAlert.swift */ = {isa = PBXFileReference; lastKnownFileType = sourcecode.swift; path = PackyAlert.swift; sourceTree = "<group>"; };
		E5A7A9B72B57F81400590EA6 /* Color+Hex.swift */ = {isa = PBXFileReference; fileEncoding = 4; lastKnownFileType = sourcecode.swift; path = "Color+Hex.swift"; sourceTree = "<group>"; };
		E5A7A9B82B57F81400590EA6 /* TextField+LimitInputLength.swift */ = {isa = PBXFileReference; fileEncoding = 4; lastKnownFileType = sourcecode.swift; path = "TextField+LimitInputLength.swift"; sourceTree = "<group>"; };
		E5A7A9B92B57F81400590EA6 /* Image+ScaleToFillFrame.swift */ = {isa = PBXFileReference; fileEncoding = 4; lastKnownFileType = sourcecode.swift; path = "Image+ScaleToFillFrame.swift"; sourceTree = "<group>"; };
		E5A7A9BA2B57F81400590EA6 /* View+If.swift */ = {isa = PBXFileReference; fileEncoding = 4; lastKnownFileType = sourcecode.swift; path = "View+If.swift"; sourceTree = "<group>"; };
		E5A7A9BB2B57F81400590EA6 /* UINavigationController+PopGesture.swift */ = {isa = PBXFileReference; fileEncoding = 4; lastKnownFileType = sourcecode.swift; path = "UINavigationController+PopGesture.swift"; sourceTree = "<group>"; };
		E5A7A9BC2B57F81400590EA6 /* View+GetSize.swift */ = {isa = PBXFileReference; fileEncoding = 4; lastKnownFileType = sourcecode.swift; path = "View+GetSize.swift"; sourceTree = "<group>"; };
		E5A7A9BD2B57F81400590EA6 /* View+HideKeyboard.swift */ = {isa = PBXFileReference; fileEncoding = 4; lastKnownFileType = sourcecode.swift; path = "View+HideKeyboard.swift"; sourceTree = "<group>"; };
		E5A7A9BF2B57F81400590EA6 /* PackyNavigationLink.swift */ = {isa = PBXFileReference; fileEncoding = 4; lastKnownFileType = sourcecode.swift; path = PackyNavigationLink.swift; sourceTree = "<group>"; };
		E5A7A9C02B57F81400590EA6 /* FloatingNavigationBar.swift */ = {isa = PBXFileReference; fileEncoding = 4; lastKnownFileType = sourcecode.swift; path = FloatingNavigationBar.swift; sourceTree = "<group>"; };
		E5A7A9C12B57F81400590EA6 /* PackyTextArea.swift */ = {isa = PBXFileReference; fileEncoding = 4; lastKnownFileType = sourcecode.swift; path = PackyTextArea.swift; sourceTree = "<group>"; };
		E5A7A9C22B57F81400590EA6 /* NavigationBar.swift */ = {isa = PBXFileReference; fileEncoding = 4; lastKnownFileType = sourcecode.swift; path = NavigationBar.swift; sourceTree = "<group>"; };
		E5A7A9C42B57F81400590EA6 /* BoxElementShape.swift */ = {isa = PBXFileReference; fileEncoding = 4; lastKnownFileType = sourcecode.swift; path = BoxElementShape.swift; sourceTree = "<group>"; };
		E5A7A9C52B57F81400590EA6 /* CloseButton.swift */ = {isa = PBXFileReference; fileEncoding = 4; lastKnownFileType = sourcecode.swift; path = CloseButton.swift; sourceTree = "<group>"; };
		E5A7A9C62B57F81400590EA6 /* PackyTextField.swift */ = {isa = PBXFileReference; fileEncoding = 4; lastKnownFileType = sourcecode.swift; path = PackyTextField.swift; sourceTree = "<group>"; };
		E5A7A9C72B57F81400590EA6 /* SocialLoginButton.swift */ = {isa = PBXFileReference; fileEncoding = 4; lastKnownFileType = sourcecode.swift; path = SocialLoginButton.swift; sourceTree = "<group>"; };
		E5A7A9C82B57F81400590EA6 /* PhotoElement.swift */ = {isa = PBXFileReference; fileEncoding = 4; lastKnownFileType = sourcecode.swift; path = PhotoElement.swift; sourceTree = "<group>"; };
		E5A7A9C92B57F81400590EA6 /* PackyButton.swift */ = {isa = PBXFileReference; fileEncoding = 4; lastKnownFileType = sourcecode.swift; path = PackyButton.swift; sourceTree = "<group>"; };
		E5A7A9CA2B57F81400590EA6 /* MusicPlayerView.swift */ = {isa = PBXFileReference; fileEncoding = 4; lastKnownFileType = sourcecode.swift; path = MusicPlayerView.swift; sourceTree = "<group>"; };
		E5A7A9CB2B57F81400590EA6 /* PageIndicator.swift */ = {isa = PBXFileReference; fileEncoding = 4; lastKnownFileType = sourcecode.swift; path = PageIndicator.swift; sourceTree = "<group>"; };
		E5A7A9CC2B57F81400590EA6 /* Checkbox.swift */ = {isa = PBXFileReference; fileEncoding = 4; lastKnownFileType = sourcecode.swift; path = Checkbox.swift; sourceTree = "<group>"; };
		E5A7A9CD2B57F81400590EA6 /* Radio.swift */ = {isa = PBXFileReference; fileEncoding = 4; lastKnownFileType = sourcecode.swift; path = Radio.swift; sourceTree = "<group>"; };
		E5A7A9CE2B57F81400590EA6 /* CarouselView.swift */ = {isa = PBXFileReference; fileEncoding = 4; lastKnownFileType = sourcecode.swift; path = CarouselView.swift; sourceTree = "<group>"; };
		E5A7A9D02B57F81400590EA6 /* Font+Pretendard.swift */ = {isa = PBXFileReference; fileEncoding = 4; lastKnownFileType = sourcecode.swift; path = "Font+Pretendard.swift"; sourceTree = "<group>"; };
		E5A7A9D12B57F81400590EA6 /* PackyFont.swift */ = {isa = PBXFileReference; fileEncoding = 4; lastKnownFileType = sourcecode.swift; path = PackyFont.swift; sourceTree = "<group>"; };
		E5A7A9D22B57F81400590EA6 /* Font+Packy.swift */ = {isa = PBXFileReference; fileEncoding = 4; lastKnownFileType = sourcecode.swift; path = "Font+Packy.swift"; sourceTree = "<group>"; };
		E5A7A9D32B57F81400590EA6 /* PretendardFont.swift */ = {isa = PBXFileReference; fileEncoding = 4; lastKnownFileType = sourcecode.swift; path = PretendardFont.swift; sourceTree = "<group>"; };
		E5A7A9D52B57F81400590EA6 /* BottomSheetModifier.swift */ = {isa = PBXFileReference; fileEncoding = 4; lastKnownFileType = sourcecode.swift; path = BottomSheetModifier.swift; sourceTree = "<group>"; };
		E5A7A9D62B57F81400590EA6 /* BouncyButtonStyle.swift */ = {isa = PBXFileReference; fileEncoding = 4; lastKnownFileType = sourcecode.swift; path = BouncyButtonStyle.swift; sourceTree = "<group>"; };
		E5A7A9D72B57F81400590EA6 /* SpinningModifier.swift */ = {isa = PBXFileReference; fileEncoding = 4; lastKnownFileType = sourcecode.swift; path = SpinningModifier.swift; sourceTree = "<group>"; };
		E5A7A9DA2B57F81400590EA6 /* HomeView.swift */ = {isa = PBXFileReference; fileEncoding = 4; lastKnownFileType = sourcecode.swift; path = HomeView.swift; sourceTree = "<group>"; };
		E5A7A9DB2B57F81400590EA6 /* HomeFeature.swift */ = {isa = PBXFileReference; fileEncoding = 4; lastKnownFileType = sourcecode.swift; path = HomeFeature.swift; sourceTree = "<group>"; };
		E5A7A9DD2B57F81400590EA6 /* BoxChoiceView.swift */ = {isa = PBXFileReference; fileEncoding = 4; lastKnownFileType = sourcecode.swift; path = BoxChoiceView.swift; sourceTree = "<group>"; };
		E5A7A9DE2B57F81400590EA6 /* BoxChoiceFeature.swift */ = {isa = PBXFileReference; fileEncoding = 4; lastKnownFileType = sourcecode.swift; path = BoxChoiceFeature.swift; sourceTree = "<group>"; };
		E5A7A9DF2B57F81400590EA6 /* BoxStartGuideView.swift */ = {isa = PBXFileReference; fileEncoding = 4; lastKnownFileType = sourcecode.swift; path = BoxStartGuideView.swift; sourceTree = "<group>"; };
		E5A7A9E02B57F81400590EA6 /* MakeBoxFeature+Navigation.swift */ = {isa = PBXFileReference; fileEncoding = 4; lastKnownFileType = sourcecode.swift; path = "MakeBoxFeature+Navigation.swift"; sourceTree = "<group>"; };
		E5A7A9E12B57F81400590EA6 /* BoxStartGuideFeature.swift */ = {isa = PBXFileReference; fileEncoding = 4; lastKnownFileType = sourcecode.swift; path = BoxStartGuideFeature.swift; sourceTree = "<group>"; };
		E5A7A9E22B57F81400590EA6 /* MakeBoxFeature.swift */ = {isa = PBXFileReference; fileEncoding = 4; lastKnownFileType = sourcecode.swift; path = MakeBoxFeature.swift; sourceTree = "<group>"; };
		E5A7A9E32B57F81400590EA6 /* MakeBoxView.swift */ = {isa = PBXFileReference; fileEncoding = 4; lastKnownFileType = sourcecode.swift; path = MakeBoxView.swift; sourceTree = "<group>"; };
		E5A7A9E62B57F81400590EA6 /* IntroFeature.swift */ = {isa = PBXFileReference; fileEncoding = 4; lastKnownFileType = sourcecode.swift; path = IntroFeature.swift; sourceTree = "<group>"; };
		E5A7A9E72B57F81400590EA6 /* IntroView.swift */ = {isa = PBXFileReference; fileEncoding = 4; lastKnownFileType = sourcecode.swift; path = IntroView.swift; sourceTree = "<group>"; };
		E5A7A9EA2B57F81400590EA6 /* TermsAgreementFeature.swift */ = {isa = PBXFileReference; fileEncoding = 4; lastKnownFileType = sourcecode.swift; path = TermsAgreementFeature.swift; sourceTree = "<group>"; };
		E5A7A9EB2B57F81400590EA6 /* TermsAgreementView.swift */ = {isa = PBXFileReference; fileEncoding = 4; lastKnownFileType = sourcecode.swift; path = TermsAgreementView.swift; sourceTree = "<group>"; };
		E5A7A9EC2B57F81400590EA6 /* SignUpNavigation.swift */ = {isa = PBXFileReference; fileEncoding = 4; lastKnownFileType = sourcecode.swift; path = SignUpNavigation.swift; sourceTree = "<group>"; };
		E5A7A9EE2B57F81400590EA6 /* SignUpProfileView.swift */ = {isa = PBXFileReference; fileEncoding = 4; lastKnownFileType = sourcecode.swift; path = SignUpProfileView.swift; sourceTree = "<group>"; };
		E5A7A9EF2B57F81400590EA6 /* SignUpProfileFeature.swift */ = {isa = PBXFileReference; fileEncoding = 4; lastKnownFileType = sourcecode.swift; path = SignUpProfileFeature.swift; sourceTree = "<group>"; };
		E5A7A9F12B57F81400590EA6 /* SignUpNicknameFeature.swift */ = {isa = PBXFileReference; fileEncoding = 4; lastKnownFileType = sourcecode.swift; path = SignUpNicknameFeature.swift; sourceTree = "<group>"; };
		E5A7A9F22B57F81400590EA6 /* SignUpNicknameView.swift */ = {isa = PBXFileReference; fileEncoding = 4; lastKnownFileType = sourcecode.swift; path = SignUpNicknameView.swift; sourceTree = "<group>"; };
		E5A7A9F42B57F81400590EA6 /* LoginView.swift */ = {isa = PBXFileReference; fileEncoding = 4; lastKnownFileType = sourcecode.swift; path = LoginView.swift; sourceTree = "<group>"; };
		E5A7A9F52B57F81400590EA6 /* LoginFeature.swift */ = {isa = PBXFileReference; fileEncoding = 4; lastKnownFileType = sourcecode.swift; path = LoginFeature.swift; sourceTree = "<group>"; };
		E5A7A9F72B57F81400590EA6 /* OnboardingPage.swift */ = {isa = PBXFileReference; fileEncoding = 4; lastKnownFileType = sourcecode.swift; path = OnboardingPage.swift; sourceTree = "<group>"; };
		E5A7A9F82B57F81400590EA6 /* OnboardingFeature.swift */ = {isa = PBXFileReference; fileEncoding = 4; lastKnownFileType = sourcecode.swift; path = OnboardingFeature.swift; sourceTree = "<group>"; };
		E5A7A9F92B57F81400590EA6 /* OnboardingView.swift */ = {isa = PBXFileReference; fileEncoding = 4; lastKnownFileType = sourcecode.swift; path = OnboardingView.swift; sourceTree = "<group>"; };
		E5A7A9FB2B57F81400590EA6 /* RootView.swift */ = {isa = PBXFileReference; fileEncoding = 4; lastKnownFileType = sourcecode.swift; path = RootView.swift; sourceTree = "<group>"; };
		E5A7A9FC2B57F81400590EA6 /* RootFeature.swift */ = {isa = PBXFileReference; fileEncoding = 4; lastKnownFileType = sourcecode.swift; path = RootFeature.swift; sourceTree = "<group>"; };
		E5A7A9FF2B57F81400590EA6 /* HapticManager.swift */ = {isa = PBXFileReference; fileEncoding = 4; lastKnownFileType = sourcecode.swift; path = HapticManager.swift; sourceTree = "<group>"; };
		E5A7AA002B57F81400590EA6 /* APIKey.swift */ = {isa = PBXFileReference; fileEncoding = 4; lastKnownFileType = sourcecode.swift; path = APIKey.swift; sourceTree = "<group>"; };
		E5A7AA012B57F81400590EA6 /* ATTManager.swift */ = {isa = PBXFileReference; fileEncoding = 4; lastKnownFileType = sourcecode.swift; path = ATTManager.swift; sourceTree = "<group>"; };
		E5A7AA032B57F81400590EA6 /* MoyaLoggerPlugin.swift */ = {isa = PBXFileReference; fileEncoding = 4; lastKnownFileType = sourcecode.swift; path = MoyaLoggerPlugin.swift; sourceTree = "<group>"; };
		E5A7AA042B57F81400590EA6 /* BaseResponse.swift */ = {isa = PBXFileReference; fileEncoding = 4; lastKnownFileType = sourcecode.swift; path = BaseResponse.swift; sourceTree = "<group>"; };
		E5A7AA052B57F81400590EA6 /* Encodable+ToDictionary.swift */ = {isa = PBXFileReference; fileEncoding = 4; lastKnownFileType = sourcecode.swift; path = "Encodable+ToDictionary.swift"; sourceTree = "<group>"; };
		E5A7AA062B57F81400590EA6 /* MoyaProvider+Request.swift */ = {isa = PBXFileReference; fileEncoding = 4; lastKnownFileType = sourcecode.swift; path = "MoyaProvider+Request.swift"; sourceTree = "<group>"; };
		E5A7AA082B57F81400590EA6 /* SocialLoginProvider.swift */ = {isa = PBXFileReference; fileEncoding = 4; lastKnownFileType = sourcecode.swift; path = SocialLoginProvider.swift; sourceTree = "<group>"; };
		E5A7AA092B57F81400590EA6 /* Terms.swift */ = {isa = PBXFileReference; fileEncoding = 4; lastKnownFileType = sourcecode.swift; path = Terms.swift; sourceTree = "<group>"; };
		E5A7AA0B2B57F81400590EA6 /* PackyApp.swift */ = {isa = PBXFileReference; fileEncoding = 4; lastKnownFileType = sourcecode.swift; path = PackyApp.swift; sourceTree = "<group>"; };
		E5A7AA0C2B57F81400590EA6 /* APIKeys.xcconfig */ = {isa = PBXFileReference; fileEncoding = 4; lastKnownFileType = text.xcconfig; path = APIKeys.xcconfig; sourceTree = "<group>"; };
		E5A7AA102B57F81400590EA6 /* SignInResponse.swift */ = {isa = PBXFileReference; fileEncoding = 4; lastKnownFileType = sourcecode.swift; path = SignInResponse.swift; sourceTree = "<group>"; };
		E5A7AA112B57F81400590EA6 /* TokenRequest.swift */ = {isa = PBXFileReference; fileEncoding = 4; lastKnownFileType = sourcecode.swift; path = TokenRequest.swift; sourceTree = "<group>"; };
		E5A7AA122B57F81400590EA6 /* SignUpRequest.swift */ = {isa = PBXFileReference; fileEncoding = 4; lastKnownFileType = sourcecode.swift; path = SignUpRequest.swift; sourceTree = "<group>"; };
		E5A7AA132B57F81400590EA6 /* SignInRequest.swift */ = {isa = PBXFileReference; fileEncoding = 4; lastKnownFileType = sourcecode.swift; path = SignInRequest.swift; sourceTree = "<group>"; };
		E5A7AA142B57F81400590EA6 /* TokenInfoResponse.swift */ = {isa = PBXFileReference; fileEncoding = 4; lastKnownFileType = sourcecode.swift; path = TokenInfoResponse.swift; sourceTree = "<group>"; };
		E5A7AA152B57F81400590EA6 /* AuthClient.swift */ = {isa = PBXFileReference; fileEncoding = 4; lastKnownFileType = sourcecode.swift; path = AuthClient.swift; sourceTree = "<group>"; };
		E5A7AA162B57F81400590EA6 /* AuthEndpoint.swift */ = {isa = PBXFileReference; fileEncoding = 4; lastKnownFileType = sourcecode.swift; path = AuthEndpoint.swift; sourceTree = "<group>"; };
		E5A7AA192B57F81400590EA6 /* KeychainClient.swift */ = {isa = PBXFileReference; fileEncoding = 4; lastKnownFileType = sourcecode.swift; path = KeychainClient.swift; sourceTree = "<group>"; };
		E5A7AA1B2B57F81400590EA6 /* UserDefaultsKey.swift */ = {isa = PBXFileReference; fileEncoding = 4; lastKnownFileType = sourcecode.swift; path = UserDefaultsKey.swift; sourceTree = "<group>"; };
		E5A7AA1C2B57F81400590EA6 /* UserDefaultsClient.swift */ = {isa = PBXFileReference; fileEncoding = 4; lastKnownFileType = sourcecode.swift; path = UserDefaultsClient.swift; sourceTree = "<group>"; };
		E5A7AA1F2B57F81400590EA6 /* SocialLoginInfo.swift */ = {isa = PBXFileReference; fileEncoding = 4; lastKnownFileType = sourcecode.swift; path = SocialLoginInfo.swift; sourceTree = "<group>"; };
		E5A7AA212B57F81400590EA6 /* KakaoLoginController.swift */ = {isa = PBXFileReference; fileEncoding = 4; lastKnownFileType = sourcecode.swift; path = KakaoLoginController.swift; sourceTree = "<group>"; };
		E5A7AA222B57F81400590EA6 /* AppleLoginController.swift */ = {isa = PBXFileReference; fileEncoding = 4; lastKnownFileType = sourcecode.swift; path = AppleLoginController.swift; sourceTree = "<group>"; };
		E5A7AA232B57F81400590EA6 /* SocialLoginClient.swift */ = {isa = PBXFileReference; fileEncoding = 4; lastKnownFileType = sourcecode.swift; path = SocialLoginClient.swift; sourceTree = "<group>"; };
		E5A7AA252B57F81400590EA6 /* UserNotificationClient.swift */ = {isa = PBXFileReference; fileEncoding = 4; lastKnownFileType = sourcecode.swift; path = UserNotificationClient.swift; sourceTree = "<group>"; };
		E5A7AA272B57F81400590EA6 /* Packy.entitlements */ = {isa = PBXFileReference; fileEncoding = 4; lastKnownFileType = text.plist.entitlements; path = Packy.entitlements; sourceTree = "<group>"; };
		E5A7AA282B57F81400590EA6 /* Assets.xcassets */ = {isa = PBXFileReference; lastKnownFileType = folder.assetcatalog; path = Assets.xcassets; sourceTree = "<group>"; };
		E5A7AA2A2B57F81400590EA6 /* Preview Assets.xcassets */ = {isa = PBXFileReference; lastKnownFileType = folder.assetcatalog; path = "Preview Assets.xcassets"; sourceTree = "<group>"; };
		E5A7AA2C2B57F81400590EA6 /* Pretendard-Regular.otf */ = {isa = PBXFileReference; lastKnownFileType = file; path = "Pretendard-Regular.otf"; sourceTree = "<group>"; };
		E5A7AA2D2B57F81400590EA6 /* Pretendard-Black.otf */ = {isa = PBXFileReference; lastKnownFileType = file; path = "Pretendard-Black.otf"; sourceTree = "<group>"; };
		E5A7AA2E2B57F81400590EA6 /* Pretendard-Medium.otf */ = {isa = PBXFileReference; lastKnownFileType = file; path = "Pretendard-Medium.otf"; sourceTree = "<group>"; };
		E5A7AA2F2B57F81400590EA6 /* Pretendard-Light.otf */ = {isa = PBXFileReference; lastKnownFileType = file; path = "Pretendard-Light.otf"; sourceTree = "<group>"; };
		E5A7AA302B57F81400590EA6 /* Pretendard-ExtraBold.otf */ = {isa = PBXFileReference; lastKnownFileType = file; path = "Pretendard-ExtraBold.otf"; sourceTree = "<group>"; };
		E5A7AA312B57F81400590EA6 /* Pretendard-Bold.otf */ = {isa = PBXFileReference; lastKnownFileType = file; path = "Pretendard-Bold.otf"; sourceTree = "<group>"; };
		E5A7AA322B57F81400590EA6 /* Pretendard-Thin.otf */ = {isa = PBXFileReference; lastKnownFileType = file; path = "Pretendard-Thin.otf"; sourceTree = "<group>"; };
		E5A7AA332B57F81400590EA6 /* Pretendard-ExtraLight.otf */ = {isa = PBXFileReference; lastKnownFileType = file; path = "Pretendard-ExtraLight.otf"; sourceTree = "<group>"; };
		E5A7AA342B57F81400590EA6 /* Pretendard-SemiBold.otf */ = {isa = PBXFileReference; lastKnownFileType = file; path = "Pretendard-SemiBold.otf"; sourceTree = "<group>"; };
		E5A7AA352B57F81400590EA6 /* Info.plist */ = {isa = PBXFileReference; fileEncoding = 4; lastKnownFileType = text.plist.xml; path = Info.plist; sourceTree = "<group>"; };
		E5AC66EA2B62AB9900F3CBF0 /* PackyAlertClient.swift */ = {isa = PBXFileReference; lastKnownFileType = sourcecode.swift; path = PackyAlertClient.swift; sourceTree = "<group>"; };
		E5AC66EC2B62B1CB00F3CBF0 /* PackyAlertManager.swift */ = {isa = PBXFileReference; lastKnownFileType = sourcecode.swift; path = PackyAlertManager.swift; sourceTree = "<group>"; };
		E5AC66EE2B62B24700F3CBF0 /* PassThroughWindow.swift */ = {isa = PBXFileReference; lastKnownFileType = sourcecode.swift; path = PassThroughWindow.swift; sourceTree = "<group>"; };
		E5AC66F02B62B95B00F3CBF0 /* StickerDesign.swift */ = {isa = PBXFileReference; lastKnownFileType = sourcecode.swift; path = StickerDesign.swift; sourceTree = "<group>"; };
		E5AC66F22B62BC8400F3CBF0 /* Sequence+SortByKeypath.swift */ = {isa = PBXFileReference; lastKnownFileType = sourcecode.swift; path = "Sequence+SortByKeypath.swift"; sourceTree = "<group>"; };
		E5D012992B58086F00236FEF /* SetWindowBackground.swift */ = {isa = PBXFileReference; lastKnownFileType = sourcecode.swift; path = SetWindowBackground.swift; sourceTree = "<group>"; };
		E5D7495D2B4A72E100213F63 /* Packy.app */ = {isa = PBXFileReference; explicitFileType = wrapper.application; includeInIndex = 0; path = Packy.app; sourceTree = BUILT_PRODUCTS_DIR; };
		E5E73D492B597C0200729D99 /* BoxStartGuideView+MusicSheet.swift */ = {isa = PBXFileReference; lastKnownFileType = sourcecode.swift; path = "BoxStartGuideView+MusicSheet.swift"; sourceTree = "<group>"; };
		E5E73D4B2B597CB600729D99 /* BoxStartGuideView+PhotoSheet.swift */ = {isa = PBXFileReference; lastKnownFileType = sourcecode.swift; path = "BoxStartGuideView+PhotoSheet.swift"; sourceTree = "<group>"; };
/* End PBXFileReference section */

/* Begin PBXFrameworksBuildPhase section */
		E5D7495A2B4A72E100213F63 /* Frameworks */ = {
			isa = PBXFrameworksBuildPhase;
			buildActionMask = 2147483647;
			files = (
				E5D7497C2B4A7C3300213F63 /* Kingfisher in Frameworks */,
				E58A7B092B57FA3F0059FBF3 /* KakaoSDKCommon in Frameworks */,
				E5D749792B4A7C1A00213F63 /* ComposableArchitecture in Frameworks */,
				E5A7AA942B57F89C00590EA6 /* YouTubePlayerKit in Frameworks */,
				E58A7B0B2B57FA3F0059FBF3 /* KakaoSDKUser in Frameworks */,
				E5A7AA972B57F8A300590EA6 /* Moya in Frameworks */,
				E5D749762B4A7B9200213F63 /* Alamofire in Frameworks */,
				E58A7B072B57FA3F0059FBF3 /* KakaoSDKAuth in Frameworks */,
			);
			runOnlyForDeploymentPostprocessing = 0;
		};
/* End PBXFrameworksBuildPhase section */

/* Begin PBXGroup section */
		E5001F8F2B5BE43E004B65E6 /* Upload */ = {
			isa = PBXGroup;
			children = (
				E5001F8D2B5BE422004B65E6 /* UploadClient.swift */,
				E5001F902B5BE44D004B65E6 /* UploadEndpoint.swift */,
				E5001F922B5BE5DD004B65E6 /* PreSignedUrlResponse.swift */,
			);
			path = Upload;
			sourceTree = "<group>";
		};
		E5001F942B5BEAEB004B65E6 /* Extensions */ = {
			isa = PBXGroup;
			children = (
				E5001F952B5BEAF6004B65E6 /* URL+Trimming.swift */,
				E58048C02B5BF0D200B974B3 /* UIImage+Compression.swift */,
				E52470EE2B6134EE003D49DE /* Array+SafeIndex.swift */,
				E5AC66F22B62BC8400F3CBF0 /* Sequence+SortByKeypath.swift */,
			);
			path = Extensions;
			sourceTree = "<group>";
		};
		E52470F02B6142D1003D49DE /* BottomSheets */ = {
			isa = PBXGroup;
			children = (
				E5E73D492B597C0200729D99 /* BoxStartGuideView+MusicSheet.swift */,
				E5E73D4B2B597CB600729D99 /* BoxStartGuideView+PhotoSheet.swift */,
				E58048C22B5BFF3800B974B3 /* BoxStartGuideView+LetterSheet.swift */,
				E5A416B22B5D350C00313E5A /* BoxStartGuideView+StickerSheet.swift */,
				E5551B7E2B6001CC00DB81F3 /* BoxStartGuideView+SelectBoxSheet.swift */,
				E52470F12B6142EB003D49DE /* BoxStartGuideView+AddGiftSheet.swift */,
			);
			path = BottomSheets;
			sourceTree = "<group>";
		};
		E58A7B052B57FA3F0059FBF3 /* Frameworks */ = {
			isa = PBXGroup;
			children = (
			);
			name = Frameworks;
			sourceTree = "<group>";
		};
		E5A416A32B5D1F6900313E5A /* Box */ = {
			isa = PBXGroup;
			children = (
				E5A416A62B5D20DC00313E5A /* BoxClient.swift */,
				E5A416A42B5D1F8100313E5A /* BoxEndpoint.swift */,
			);
			path = Box;
			sourceTree = "<group>";
		};
		E5A7A9B42B57F81400590EA6 /* DesignSystem */ = {
			isa = PBXGroup;
			children = (
				E5A7A9B52B57F81400590EA6 /* Style */,
				E5A7A9B62B57F81400590EA6 /* Extensions */,
				E5A7A9BE2B57F81400590EA6 /* Components */,
				E5A7A9CF2B57F81400590EA6 /* Font */,
				E5A7A9D42B57F81400590EA6 /* ViewModifiers */,
			);
			name = DesignSystem;
			path = Packy/DesignSystem;
			sourceTree = "<group>";
		};
		E5A7A9B52B57F81400590EA6 /* Style */ = {
			isa = PBXGroup;
			children = (
			);
			path = Style;
			sourceTree = "<group>";
		};
		E5A7A9B62B57F81400590EA6 /* Extensions */ = {
			isa = PBXGroup;
			children = (
				E5A7A9B72B57F81400590EA6 /* Color+Hex.swift */,
				E5A7A9B92B57F81400590EA6 /* Image+ScaleToFillFrame.swift */,
				E5D012992B58086F00236FEF /* SetWindowBackground.swift */,
				E5A7A9B82B57F81400590EA6 /* TextField+LimitInputLength.swift */,
				E5A7A9BB2B57F81400590EA6 /* UINavigationController+PopGesture.swift */,
				E58048CC2B5CE2A300B974B3 /* UIScreen+CheckScreenSize.swift */,
				E5A7A9BC2B57F81400590EA6 /* View+GetSize.swift */,
				E5A7A9BD2B57F81400590EA6 /* View+HideKeyboard.swift */,
				E5A7A9BA2B57F81400590EA6 /* View+If.swift */,
			);
			path = Extensions;
			sourceTree = "<group>";
		};
		E5A7A9BE2B57F81400590EA6 /* Components */ = {
			isa = PBXGroup;
			children = (
				E5AC66E62B62A01400F3CBF0 /* Alert */,
				E5A7A9C32B57F81400590EA6 /* BoxElement */,
				E5A7A9CE2B57F81400590EA6 /* CarouselView.swift */,
				E5A7A9CC2B57F81400590EA6 /* Checkbox.swift */,
				E5A7A9C52B57F81400590EA6 /* CloseButton.swift */,
				E5A7A9C02B57F81400590EA6 /* FloatingNavigationBar.swift */,
				E5001F842B5BA011004B65E6 /* Line.swift */,
				E5A7A9CA2B57F81400590EA6 /* MusicPlayerView.swift */,
				E5A7A9C22B57F81400590EA6 /* NavigationBar.swift */,
				E5A7A9C92B57F81400590EA6 /* PackyButton.swift */,
				E5A7A9BF2B57F81400590EA6 /* PackyNavigationLink.swift */,
				E5A7A9C12B57F81400590EA6 /* PackyTextArea.swift */,
				E5A7A9C62B57F81400590EA6 /* PackyTextField.swift */,
				E5A7A9CB2B57F81400590EA6 /* PageIndicator.swift */,
				E5A7A9C82B57F81400590EA6 /* PhotoElement.swift */,
				E5A7A9CD2B57F81400590EA6 /* Radio.swift */,
				E58048CA2B5C394700B974B3 /* Snackbar.swift */,
				E5A7A9C72B57F81400590EA6 /* SocialLoginButton.swift */,
				E52470EC2B612DD3003D49DE /* TextButtonStyle.swift */,
				E52470F32B6144D7003D49DE /* PhotoPicker.swift */,
			);
			path = Components;
			sourceTree = "<group>";
		};
		E5A7A9C32B57F81400590EA6 /* BoxElement */ = {
			isa = PBXGroup;
			children = (
				E5A7A9C42B57F81400590EA6 /* BoxElementShape.swift */,
			);
			path = BoxElement;
			sourceTree = "<group>";
		};
		E5A7A9CF2B57F81400590EA6 /* Font */ = {
			isa = PBXGroup;
			children = (
				E5A7A9D22B57F81400590EA6 /* Font+Packy.swift */,
				E5A7A9D02B57F81400590EA6 /* Font+Pretendard.swift */,
				E5A7A9D12B57F81400590EA6 /* PackyFont.swift */,
				E5A7A9D32B57F81400590EA6 /* PretendardFont.swift */,
			);
			path = Font;
			sourceTree = "<group>";
		};
		E5A7A9D42B57F81400590EA6 /* ViewModifiers */ = {
			isa = PBXGroup;
			children = (
				E5001F882B5BC09A004B65E6 /* AlertButtonTint.swift */,
				E5A7A9D52B57F81400590EA6 /* BottomSheetModifier.swift */,
				E5A7A9D62B57F81400590EA6 /* BouncyButtonStyle.swift */,
				E58048C82B5C36DD00B974B3 /* CornerRadiusWithBorderModifier.swift */,
				E5A7A9D72B57F81400590EA6 /* SpinningModifier.swift */,
				E5A416A12B5D076C00313E5A /* PopGestureDisableModifier.swift */,
			);
			path = ViewModifiers;
			sourceTree = "<group>";
		};
		E5A7A9D82B57F81400590EA6 /* Screens */ = {
			isa = PBXGroup;
			children = (
				E5A7A9FA2B57F81400590EA6 /* Root */,
				E5A7A9E52B57F81400590EA6 /* Intro */,
				E5A7A9D92B57F81400590EA6 /* Home */,
				E5A7A9DC2B57F81400590EA6 /* MakeBox */,
			);
			name = Screens;
			path = Packy/Screens;
			sourceTree = "<group>";
		};
		E5A7A9D92B57F81400590EA6 /* Home */ = {
			isa = PBXGroup;
			children = (
				E5A7A9DA2B57F81400590EA6 /* HomeView.swift */,
				E5A7A9DB2B57F81400590EA6 /* HomeFeature.swift */,
			);
			path = Home;
			sourceTree = "<group>";
		};
		E5A7A9DC2B57F81400590EA6 /* MakeBox */ = {
			isa = PBXGroup;
			children = (
				E5E73D482B597BE000729D99 /* MakeBox */,
				E5E73D462B597BC200729D99 /* BoxChoice */,
				E5E73D472B597BCD00729D99 /* BoxGuide */,
			);
			path = MakeBox;
			sourceTree = "<group>";
		};
		E5A7A9E52B57F81400590EA6 /* Intro */ = {
			isa = PBXGroup;
			children = (
				E5A7A9E62B57F81400590EA6 /* IntroFeature.swift */,
				E5A7A9E72B57F81400590EA6 /* IntroView.swift */,
				E5A7A9F62B57F81400590EA6 /* Onboarding */,
				E5A7A9F32B57F81400590EA6 /* Login */,
				E5A7A9E82B57F81400590EA6 /* SignUp */,
			);
			name = Intro;
			path = Intro/Intro;
			sourceTree = "<group>";
		};
		E5A7A9E82B57F81400590EA6 /* SignUp */ = {
			isa = PBXGroup;
			children = (
				E5A7A9EC2B57F81400590EA6 /* SignUpNavigation.swift */,
				E5A7A9F02B57F81400590EA6 /* Nickname */,
				E5A7A9ED2B57F81400590EA6 /* Profile */,
				E5A7A9E92B57F81400590EA6 /* TermsAgreement */,
			);
			path = SignUp;
			sourceTree = "<group>";
		};
		E5A7A9E92B57F81400590EA6 /* TermsAgreement */ = {
			isa = PBXGroup;
			children = (
				E5A7A9EA2B57F81400590EA6 /* TermsAgreementFeature.swift */,
				E5A7A9EB2B57F81400590EA6 /* TermsAgreementView.swift */,
			);
			path = TermsAgreement;
			sourceTree = "<group>";
		};
		E5A7A9ED2B57F81400590EA6 /* Profile */ = {
			isa = PBXGroup;
			children = (
				E5A7A9EF2B57F81400590EA6 /* SignUpProfileFeature.swift */,
				E5A7A9EE2B57F81400590EA6 /* SignUpProfileView.swift */,
			);
			path = Profile;
			sourceTree = "<group>";
		};
		E5A7A9F02B57F81400590EA6 /* Nickname */ = {
			isa = PBXGroup;
			children = (
				E5A7A9F12B57F81400590EA6 /* SignUpNicknameFeature.swift */,
				E5A7A9F22B57F81400590EA6 /* SignUpNicknameView.swift */,
			);
			path = Nickname;
			sourceTree = "<group>";
		};
		E5A7A9F32B57F81400590EA6 /* Login */ = {
			isa = PBXGroup;
			children = (
				E5A7A9F42B57F81400590EA6 /* LoginView.swift */,
				E5A7A9F52B57F81400590EA6 /* LoginFeature.swift */,
			);
			path = Login;
			sourceTree = "<group>";
		};
		E5A7A9F62B57F81400590EA6 /* Onboarding */ = {
			isa = PBXGroup;
			children = (
				E5A7A9F72B57F81400590EA6 /* OnboardingPage.swift */,
				E5A7A9F82B57F81400590EA6 /* OnboardingFeature.swift */,
				E5A7A9F92B57F81400590EA6 /* OnboardingView.swift */,
			);
			path = Onboarding;
			sourceTree = "<group>";
		};
		E5A7A9FA2B57F81400590EA6 /* Root */ = {
			isa = PBXGroup;
			children = (
				E5A7A9FB2B57F81400590EA6 /* RootView.swift */,
				E5A7A9FC2B57F81400590EA6 /* RootFeature.swift */,
			);
			path = Root;
			sourceTree = "<group>";
		};
		E5A7A9FD2B57F81400590EA6 /* Core */ = {
			isa = PBXGroup;
			children = (
				E5001F942B5BEAEB004B65E6 /* Extensions */,
				E5A7A9FE2B57F81400590EA6 /* Util */,
				E5A7AA022B57F81400590EA6 /* Network */,
			);
			name = Core;
			path = Packy/Core;
			sourceTree = "<group>";
		};
		E5A7A9FE2B57F81400590EA6 /* Util */ = {
			isa = PBXGroup;
			children = (
				E5A7A9FF2B57F81400590EA6 /* HapticManager.swift */,
				E5A7AA002B57F81400590EA6 /* APIKey.swift */,
				E5A7AA012B57F81400590EA6 /* ATTManager.swift */,
				E5AC66EE2B62B24700F3CBF0 /* PassThroughWindow.swift */,
			);
			path = Util;
			sourceTree = "<group>";
		};
		E5A7AA022B57F81400590EA6 /* Network */ = {
			isa = PBXGroup;
			children = (
				E5A7AA042B57F81400590EA6 /* BaseResponse.swift */,
				E5A7AA052B57F81400590EA6 /* Encodable+ToDictionary.swift */,
				E5551B7A2B5FF2AF00DB81F3 /* HTTPSession.swift */,
				E5A7AA032B57F81400590EA6 /* MoyaLoggerPlugin.swift */,
				E5551B7C2B5FF5AD00DB81F3 /* MoyaProvider+Build.swift */,
				E5A7AA062B57F81400590EA6 /* MoyaProvider+Request.swift */,
				E5551B782B5FE8E300DB81F3 /* TokenInterceptor.swift */,
			);
			path = Network;
			sourceTree = "<group>";
		};
		E5A7AA072B57F81400590EA6 /* Model */ = {
			isa = PBXGroup;
			children = (
				E5A416B02B5D220B00313E5A /* BoxDesign.swift */,
				E5001F862B5BA4C0004B65E6 /* BoxSenderInfo.swift */,
				E5A416AE2B5D21B700313E5A /* LetterDesign.swift */,
				E5A416AC2B5D218D00313E5A /* MessageDesign.swift */,
				E5A416AA2B5D215800313E5A /* ProfileImage.swift */,
				E5A416A82B5D212300313E5A /* RecommendedMusic.swift */,
				E5A7AA1F2B57F81400590EA6 /* SocialLoginInfo.swift */,
				E5A7AA082B57F81400590EA6 /* SocialLoginProvider.swift */,
				E5AC66F02B62B95B00F3CBF0 /* StickerDesign.swift */,
				E5A7AA092B57F81400590EA6 /* Terms.swift */,
			);
			name = Model;
			path = Packy/Model;
			sourceTree = "<group>";
		};
		E5A7AA0A2B57F81400590EA6 /* App */ = {
			isa = PBXGroup;
			children = (
				E5A7AA0B2B57F81400590EA6 /* PackyApp.swift */,
				E5A7AA0C2B57F81400590EA6 /* APIKeys.xcconfig */,
			);
			name = App;
			path = Packy/App;
			sourceTree = "<group>";
		};
		E5A7AA0D2B57F81400590EA6 /* Data */ = {
			isa = PBXGroup;
			children = (
				E5A7AA0E2B57F81400590EA6 /* Network */,
				E5A7AA172B57F81400590EA6 /* Storage */,
				E5A7AA1D2B57F81400590EA6 /* Client */,
			);
			name = Data;
			path = Packy/Data;
			sourceTree = "<group>";
		};
		E5A7AA0E2B57F81400590EA6 /* Network */ = {
			isa = PBXGroup;
			children = (
				E5A416A32B5D1F6900313E5A /* Box */,
				E5001F8F2B5BE43E004B65E6 /* Upload */,
				E5A7AA0F2B57F81400590EA6 /* Auth */,
			);
			path = Network;
			sourceTree = "<group>";
		};
		E5A7AA0F2B57F81400590EA6 /* Auth */ = {
			isa = PBXGroup;
			children = (
				E5A7AA152B57F81400590EA6 /* AuthClient.swift */,
				E5A7AA162B57F81400590EA6 /* AuthEndpoint.swift */,
				E5A7AA132B57F81400590EA6 /* SignInRequest.swift */,
				E5A7AA102B57F81400590EA6 /* SignInResponse.swift */,
				E5A7AA122B57F81400590EA6 /* SignUpRequest.swift */,
				E5A7AA142B57F81400590EA6 /* TokenInfoResponse.swift */,
				E5A7AA112B57F81400590EA6 /* TokenRequest.swift */,
			);
			path = Auth;
			sourceTree = "<group>";
		};
		E5A7AA172B57F81400590EA6 /* Storage */ = {
			isa = PBXGroup;
			children = (
				E5A7AA182B57F81400590EA6 /* Keychain */,
				E5A7AA1A2B57F81400590EA6 /* UserDefatults */,
			);
			path = Storage;
			sourceTree = "<group>";
		};
		E5A7AA182B57F81400590EA6 /* Keychain */ = {
			isa = PBXGroup;
			children = (
				E5A7AA192B57F81400590EA6 /* KeychainClient.swift */,
			);
			path = Keychain;
			sourceTree = "<group>";
		};
		E5A7AA1A2B57F81400590EA6 /* UserDefatults */ = {
			isa = PBXGroup;
			children = (
				E5A7AA1B2B57F81400590EA6 /* UserDefaultsKey.swift */,
				E5A7AA1C2B57F81400590EA6 /* UserDefaultsClient.swift */,
			);
			path = UserDefatults;
			sourceTree = "<group>";
		};
		E5A7AA1D2B57F81400590EA6 /* Client */ = {
			isa = PBXGroup;
			children = (
				E5AC66E92B62AB8900F3CBF0 /* DesignSystem */,
				E5A7AA1E2B57F81400590EA6 /* SocialLogin */,
				E5A7AA242B57F81400590EA6 /* UserNotification */,
			);
			path = Client;
			sourceTree = "<group>";
		};
		E5A7AA1E2B57F81400590EA6 /* SocialLogin */ = {
			isa = PBXGroup;
			children = (
				E5A7AA202B57F81400590EA6 /* Controller */,
				E5A7AA232B57F81400590EA6 /* SocialLoginClient.swift */,
			);
			path = SocialLogin;
			sourceTree = "<group>";
		};
		E5A7AA202B57F81400590EA6 /* Controller */ = {
			isa = PBXGroup;
			children = (
				E5A7AA212B57F81400590EA6 /* KakaoLoginController.swift */,
				E5A7AA222B57F81400590EA6 /* AppleLoginController.swift */,
			);
			path = Controller;
			sourceTree = "<group>";
		};
		E5A7AA242B57F81400590EA6 /* UserNotification */ = {
			isa = PBXGroup;
			children = (
				E5A7AA252B57F81400590EA6 /* UserNotificationClient.swift */,
			);
			path = UserNotification;
			sourceTree = "<group>";
		};
		E5A7AA262B57F81400590EA6 /* Resources */ = {
			isa = PBXGroup;
			children = (
				E5A7AA272B57F81400590EA6 /* Packy.entitlements */,
				E5A7AA282B57F81400590EA6 /* Assets.xcassets */,
				E5A7AA292B57F81400590EA6 /* Preview Content */,
				E5A7AA2B2B57F81400590EA6 /* Font */,
				E5A7AA352B57F81400590EA6 /* Info.plist */,
			);
			name = Resources;
			path = Packy/Resources;
			sourceTree = "<group>";
		};
		E5A7AA292B57F81400590EA6 /* Preview Content */ = {
			isa = PBXGroup;
			children = (
				E5A7AA2A2B57F81400590EA6 /* Preview Assets.xcassets */,
			);
			path = "Preview Content";
			sourceTree = "<group>";
		};
		E5A7AA2B2B57F81400590EA6 /* Font */ = {
			isa = PBXGroup;
			children = (
				E5A7AA2C2B57F81400590EA6 /* Pretendard-Regular.otf */,
				E5A7AA2D2B57F81400590EA6 /* Pretendard-Black.otf */,
				E5A7AA2E2B57F81400590EA6 /* Pretendard-Medium.otf */,
				E5A7AA2F2B57F81400590EA6 /* Pretendard-Light.otf */,
				E5A7AA302B57F81400590EA6 /* Pretendard-ExtraBold.otf */,
				E5A7AA312B57F81400590EA6 /* Pretendard-Bold.otf */,
				E5A7AA322B57F81400590EA6 /* Pretendard-Thin.otf */,
				E5A7AA332B57F81400590EA6 /* Pretendard-ExtraLight.otf */,
				E5A7AA342B57F81400590EA6 /* Pretendard-SemiBold.otf */,
			);
			path = Font;
			sourceTree = "<group>";
		};
		E5AC66E62B62A01400F3CBF0 /* Alert */ = {
			isa = PBXGroup;
			children = (
				E5A416B42B5D439300313E5A /* PackyAlert.swift */,
				E5AC66EC2B62B1CB00F3CBF0 /* PackyAlertManager.swift */,
			);
			path = Alert;
			sourceTree = "<group>";
		};
		E5AC66E92B62AB8900F3CBF0 /* DesignSystem */ = {
			isa = PBXGroup;
			children = (
				E5AC66EA2B62AB9900F3CBF0 /* PackyAlertClient.swift */,
			);
			path = DesignSystem;
			sourceTree = "<group>";
		};
		E5D749542B4A72E100213F63 = {
			isa = PBXGroup;
			children = (
				E5A7AA0A2B57F81400590EA6 /* App */,
				E5A7AA072B57F81400590EA6 /* Model */,
				E5A7A9D82B57F81400590EA6 /* Screens */,
				E5A7AA0D2B57F81400590EA6 /* Data */,
				E5A7A9B42B57F81400590EA6 /* DesignSystem */,
				E5A7A9FD2B57F81400590EA6 /* Core */,
				E5A7AA262B57F81400590EA6 /* Resources */,
				E5D7495E2B4A72E100213F63 /* Products */,
				E58A7B052B57FA3F0059FBF3 /* Frameworks */,
			);
			sourceTree = "<group>";
		};
		E5D7495E2B4A72E100213F63 /* Products */ = {
			isa = PBXGroup;
			children = (
				E5D7495D2B4A72E100213F63 /* Packy.app */,
			);
			name = Products;
			sourceTree = "<group>";
		};
		E5E73D462B597BC200729D99 /* BoxChoice */ = {
			isa = PBXGroup;
			children = (
				E5A7A9DE2B57F81400590EA6 /* BoxChoiceFeature.swift */,
				E5A7A9DD2B57F81400590EA6 /* BoxChoiceView.swift */,
			);
			path = BoxChoice;
			sourceTree = "<group>";
		};
		E5E73D472B597BCD00729D99 /* BoxGuide */ = {
			isa = PBXGroup;
			children = (
				E52470F02B6142D1003D49DE /* BottomSheets */,
				E5A7A9E12B57F81400590EA6 /* BoxStartGuideFeature.swift */,
				E5A7A9DF2B57F81400590EA6 /* BoxStartGuideView.swift */,
			);
			path = BoxGuide;
			sourceTree = "<group>";
		};
		E5E73D482B597BE000729D99 /* MakeBox */ = {
			isa = PBXGroup;
			children = (
				E5A7A9E02B57F81400590EA6 /* MakeBoxFeature+Navigation.swift */,
				E5A7A9E22B57F81400590EA6 /* MakeBoxFeature.swift */,
				E5A7A9E32B57F81400590EA6 /* MakeBoxView.swift */,
			);
			path = MakeBox;
			sourceTree = "<group>";
		};
/* End PBXGroup section */

/* Begin PBXNativeTarget section */
		E5D7495C2B4A72E100213F63 /* Packy */ = {
			isa = PBXNativeTarget;
			buildConfigurationList = E5D7496B2B4A72E300213F63 /* Build configuration list for PBXNativeTarget "Packy" */;
			buildPhases = (
				E5D749592B4A72E100213F63 /* Sources */,
				E5D7495A2B4A72E100213F63 /* Frameworks */,
				E5D7495B2B4A72E100213F63 /* Resources */,
			);
			buildRules = (
			);
			dependencies = (
			);
			name = Packy;
			packageProductDependencies = (
				E5D749752B4A7B9200213F63 /* Alamofire */,
				E5D749782B4A7C1A00213F63 /* ComposableArchitecture */,
				E5D7497B2B4A7C3300213F63 /* Kingfisher */,
				E5A7AA932B57F89C00590EA6 /* YouTubePlayerKit */,
				E5A7AA962B57F8A300590EA6 /* Moya */,
				E58A7B062B57FA3F0059FBF3 /* KakaoSDKAuth */,
				E58A7B082B57FA3F0059FBF3 /* KakaoSDKCommon */,
				E58A7B0A2B57FA3F0059FBF3 /* KakaoSDKUser */,
			);
			productName = Packy;
			productReference = E5D7495D2B4A72E100213F63 /* Packy.app */;
			productType = "com.apple.product-type.application";
		};
/* End PBXNativeTarget section */

/* Begin PBXProject section */
		E5D749552B4A72E100213F63 /* Project object */ = {
			isa = PBXProject;
			attributes = {
				BuildIndependentTargetsInParallel = 1;
				LastSwiftUpdateCheck = 1500;
				LastUpgradeCheck = 1500;
				TargetAttributes = {
					E5D7495C2B4A72E100213F63 = {
						CreatedOnToolsVersion = 15.0;
					};
				};
			};
			buildConfigurationList = E5D749582B4A72E100213F63 /* Build configuration list for PBXProject "Packy" */;
			compatibilityVersion = "Xcode 14.0";
			developmentRegion = en;
			hasScannedForEncodings = 0;
			knownRegions = (
				en,
				Base,
			);
			mainGroup = E5D749542B4A72E100213F63;
			packageReferences = (
				E5D749742B4A7B9200213F63 /* XCRemoteSwiftPackageReference "Alamofire" */,
				E5D749772B4A7C1A00213F63 /* XCRemoteSwiftPackageReference "swift-composable-architecture" */,
				E5D7497A2B4A7C3300213F63 /* XCRemoteSwiftPackageReference "Kingfisher" */,
				E5A7AA922B57F89C00590EA6 /* XCRemoteSwiftPackageReference "YouTubePlayerKit" */,
				E5A7AA952B57F8A300590EA6 /* XCRemoteSwiftPackageReference "Moya" */,
				E5A7AA982B57F99700590EA6 /* XCRemoteSwiftPackageReference "kakao-ios-sdk" */,
			);
			productRefGroup = E5D7495E2B4A72E100213F63 /* Products */;
			projectDirPath = "";
			projectRoot = "";
			targets = (
				E5D7495C2B4A72E100213F63 /* Packy */,
			);
		};
/* End PBXProject section */

/* Begin PBXResourcesBuildPhase section */
		E5D7495B2B4A72E100213F63 /* Resources */ = {
			isa = PBXResourcesBuildPhase;
			buildActionMask = 2147483647;
			files = (
				E5A7AA862B57F81400590EA6 /* Assets.xcassets in Resources */,
				E5A7AA8E2B57F81400590EA6 /* Pretendard-Thin.otf in Resources */,
				E5A7AA882B57F81400590EA6 /* Pretendard-Regular.otf in Resources */,
				E5A7AA902B57F81400590EA6 /* Pretendard-SemiBold.otf in Resources */,
				E5A7AA8C2B57F81400590EA6 /* Pretendard-ExtraBold.otf in Resources */,
				E5A7AA872B57F81400590EA6 /* Preview Assets.xcassets in Resources */,
				E5A7AA762B57F81400590EA6 /* APIKeys.xcconfig in Resources */,
				E5A7AA8B2B57F81400590EA6 /* Pretendard-Light.otf in Resources */,
				E5A7AA892B57F81400590EA6 /* Pretendard-Black.otf in Resources */,
				E5A7AA8D2B57F81400590EA6 /* Pretendard-Bold.otf in Resources */,
				E5A7AA8A2B57F81400590EA6 /* Pretendard-Medium.otf in Resources */,
				E5A7AA8F2B57F81400590EA6 /* Pretendard-ExtraLight.otf in Resources */,
			);
			runOnlyForDeploymentPostprocessing = 0;
		};
/* End PBXResourcesBuildPhase section */

/* Begin PBXSourcesBuildPhase section */
		E5D749592B4A72E100213F63 /* Sources */ = {
			isa = PBXSourcesBuildPhase;
			buildActionMask = 2147483647;
			files = (
				E58048C12B5BF0D200B974B3 /* UIImage+Compression.swift in Sources */,
				E5A7AA412B57F81400590EA6 /* BoxElementShape.swift in Sources */,
				E5A7AA4D2B57F81400590EA6 /* PackyFont.swift in Sources */,
				E5A7AA752B57F81400590EA6 /* PackyApp.swift in Sources */,
				E5A7AA642B57F81400590EA6 /* SignUpNicknameView.swift in Sources */,
				E5A7AA522B57F81400590EA6 /* SpinningModifier.swift in Sources */,
				E5001F892B5BC09A004B65E6 /* AlertButtonTint.swift in Sources */,
				E5A7AA5A2B57F81400590EA6 /* MakeBoxFeature.swift in Sources */,
				E5A7AA562B57F81400590EA6 /* BoxChoiceFeature.swift in Sources */,
				E5A7AA852B57F81400590EA6 /* UserNotificationClient.swift in Sources */,
				E5A7AA532B57F81400590EA6 /* HomeView.swift in Sources */,
				E5A416A22B5D076C00313E5A /* PopGestureDisableModifier.swift in Sources */,
				E5A7AA732B57F81400590EA6 /* SocialLoginProvider.swift in Sources */,
				E5A7AA802B57F81400590EA6 /* UserDefaultsClient.swift in Sources */,
				E5001F852B5BA011004B65E6 /* Line.swift in Sources */,
				E5A7AA482B57F81400590EA6 /* PageIndicator.swift in Sources */,
				E5551B7B2B5FF2AF00DB81F3 /* HTTPSession.swift in Sources */,
				E5A7AA4E2B57F81400590EA6 /* Font+Packy.swift in Sources */,
				E58048C32B5BFF3800B974B3 /* BoxStartGuideView+LetterSheet.swift in Sources */,
				E5A7AA632B57F81400590EA6 /* SignUpNicknameFeature.swift in Sources */,
				E5A7AA812B57F81400590EA6 /* SocialLoginInfo.swift in Sources */,
				E5A7AA4B2B57F81400590EA6 /* CarouselView.swift in Sources */,
				E5A7AA5E2B57F81400590EA6 /* TermsAgreementFeature.swift in Sources */,
				E5A7AA4C2B57F81400590EA6 /* Font+Pretendard.swift in Sources */,
				E5A7AA582B57F81400590EA6 /* MakeBoxFeature+Navigation.swift in Sources */,
				E5A7AA5C2B57F81400590EA6 /* IntroFeature.swift in Sources */,
				E5A7AA6E2B57F81400590EA6 /* ATTManager.swift in Sources */,
				E5A7AA452B57F81400590EA6 /* PhotoElement.swift in Sources */,
				E5A7AA622B57F81400590EA6 /* SignUpProfileFeature.swift in Sources */,
				E5AC66F12B62B95B00F3CBF0 /* StickerDesign.swift in Sources */,
				E5A7AA3A2B57F81400590EA6 /* UINavigationController+PopGesture.swift in Sources */,
				E5A7AA492B57F81400590EA6 /* Checkbox.swift in Sources */,
				E5A7AA382B57F81400590EA6 /* Image+ScaleToFillFrame.swift in Sources */,
				E5A7AA6A2B57F81400590EA6 /* RootView.swift in Sources */,
				E5A7AA7D2B57F81400590EA6 /* AuthEndpoint.swift in Sources */,
				E5A7AA7F2B57F81400590EA6 /* UserDefaultsKey.swift in Sources */,
				E5A7AA6F2B57F81400590EA6 /* MoyaLoggerPlugin.swift in Sources */,
				E5A416B52B5D439300313E5A /* PackyAlert.swift in Sources */,
				E52470EF2B6134EE003D49DE /* Array+SafeIndex.swift in Sources */,
				E5A7AA792B57F81400590EA6 /* SignUpRequest.swift in Sources */,
				E5001F8E2B5BE422004B65E6 /* UploadClient.swift in Sources */,
				E5A7AA3D2B57F81400590EA6 /* PackyNavigationLink.swift in Sources */,
				E5A7AA5D2B57F81400590EA6 /* IntroView.swift in Sources */,
				E5A7AA3B2B57F81400590EA6 /* View+GetSize.swift in Sources */,
				E5A7AA392B57F81400590EA6 /* View+If.swift in Sources */,
				E5A416A92B5D212300313E5A /* RecommendedMusic.swift in Sources */,
				E5A7AA4F2B57F81400590EA6 /* PretendardFont.swift in Sources */,
				E52470F22B6142EB003D49DE /* BoxStartGuideView+AddGiftSheet.swift in Sources */,
				E5A7AA422B57F81400590EA6 /* CloseButton.swift in Sources */,
				E5A7AA832B57F81400590EA6 /* AppleLoginController.swift in Sources */,
				E5A7AA5F2B57F81400590EA6 /* TermsAgreementView.swift in Sources */,
				E5A7AA662B57F81400590EA6 /* LoginFeature.swift in Sources */,
				E5A7AA742B57F81400590EA6 /* Terms.swift in Sources */,
				E5A7AA512B57F81400590EA6 /* BouncyButtonStyle.swift in Sources */,
				E5A416B12B5D220B00313E5A /* BoxDesign.swift in Sources */,
				E5A7AA442B57F81400590EA6 /* SocialLoginButton.swift in Sources */,
				E5A7AA4A2B57F81400590EA6 /* Radio.swift in Sources */,
				E58048C92B5C36DD00B974B3 /* CornerRadiusWithBorderModifier.swift in Sources */,
				E5A7AA652B57F81400590EA6 /* LoginView.swift in Sources */,
				E58048CB2B5C394700B974B3 /* Snackbar.swift in Sources */,
				E5AC66F32B62BC8400F3CBF0 /* Sequence+SortByKeypath.swift in Sources */,
				E5AC66EF2B62B24700F3CBF0 /* PassThroughWindow.swift in Sources */,
				E5A7AA402B57F81400590EA6 /* NavigationBar.swift in Sources */,
				E5A7AA612B57F81400590EA6 /* SignUpProfileView.swift in Sources */,
				E5E73D4C2B597CB600729D99 /* BoxStartGuideView+PhotoSheet.swift in Sources */,
				E5A7AA3E2B57F81400590EA6 /* FloatingNavigationBar.swift in Sources */,
				E5A7AA3F2B57F81400590EA6 /* PackyTextArea.swift in Sources */,
				E5A7AA5B2B57F81400590EA6 /* MakeBoxView.swift in Sources */,
				E5A7AA692B57F81400590EA6 /* OnboardingView.swift in Sources */,
				E5A7AA3C2B57F81400590EA6 /* View+HideKeyboard.swift in Sources */,
				E5A7AA6B2B57F81400590EA6 /* RootFeature.swift in Sources */,
				E5A7AA6C2B57F81400590EA6 /* HapticManager.swift in Sources */,
				E5AC66ED2B62B1CB00F3CBF0 /* PackyAlertManager.swift in Sources */,
				E5001F872B5BA4C0004B65E6 /* BoxSenderInfo.swift in Sources */,
				E5A416AF2B5D21B700313E5A /* LetterDesign.swift in Sources */,
				E5A7AA782B57F81400590EA6 /* TokenRequest.swift in Sources */,
				E5551B7F2B6001CC00DB81F3 /* BoxStartGuideView+SelectBoxSheet.swift in Sources */,
				E5A7AA822B57F81400590EA6 /* KakaoLoginController.swift in Sources */,
				E5001F912B5BE44D004B65E6 /* UploadEndpoint.swift in Sources */,
				E5AC66EB2B62AB9900F3CBF0 /* PackyAlertClient.swift in Sources */,
				E5A7AA502B57F81400590EA6 /* BottomSheetModifier.swift in Sources */,
				E5A7AA572B57F81400590EA6 /* BoxStartGuideView.swift in Sources */,
				E5A7AA7B2B57F81400590EA6 /* TokenInfoResponse.swift in Sources */,
				E5A416A72B5D20DC00313E5A /* BoxClient.swift in Sources */,
				E5A7AA702B57F81400590EA6 /* BaseResponse.swift in Sources */,
				E5A7AA372B57F81400590EA6 /* TextField+LimitInputLength.swift in Sources */,
				E58048CD2B5CE2A300B974B3 /* UIScreen+CheckScreenSize.swift in Sources */,
				E5A7AA712B57F81400590EA6 /* Encodable+ToDictionary.swift in Sources */,
				E5A7AA432B57F81400590EA6 /* PackyTextField.swift in Sources */,
				E52470F42B6144D7003D49DE /* PhotoPicker.swift in Sources */,
				E5A7AA7C2B57F81400590EA6 /* AuthClient.swift in Sources */,
				E5A7AA842B57F81400590EA6 /* SocialLoginClient.swift in Sources */,
				E5551B792B5FE8E300DB81F3 /* TokenInterceptor.swift in Sources */,
				E5A7AA682B57F81400590EA6 /* OnboardingFeature.swift in Sources */,
				E5A416B32B5D350C00313E5A /* BoxStartGuideView+StickerSheet.swift in Sources */,
				E5A7AA472B57F81400590EA6 /* MusicPlayerView.swift in Sources */,
				E5A7AA462B57F81400590EA6 /* PackyButton.swift in Sources */,
				E5551B7D2B5FF5AD00DB81F3 /* MoyaProvider+Build.swift in Sources */,
				E5A7AA552B57F81400590EA6 /* BoxChoiceView.swift in Sources */,
				E5A7AA6D2B57F81400590EA6 /* APIKey.swift in Sources */,
				E5A7AA542B57F81400590EA6 /* HomeFeature.swift in Sources */,
				E5A416AB2B5D215800313E5A /* ProfileImage.swift in Sources */,
				E5A7AA592B57F81400590EA6 /* BoxStartGuideFeature.swift in Sources */,
				E5D0129A2B58086F00236FEF /* SetWindowBackground.swift in Sources */,
				E5A7AA362B57F81400590EA6 /* Color+Hex.swift in Sources */,
				E5A416AD2B5D218E00313E5A /* MessageDesign.swift in Sources */,
				E5A416A52B5D1F8100313E5A /* BoxEndpoint.swift in Sources */,
				E5001F932B5BE5DD004B65E6 /* PreSignedUrlResponse.swift in Sources */,
				E5A7AA7E2B57F81400590EA6 /* KeychainClient.swift in Sources */,
				E5E73D4A2B597C0200729D99 /* BoxStartGuideView+MusicSheet.swift in Sources */,
				E52470ED2B612DD3003D49DE /* TextButtonStyle.swift in Sources */,
				E5A7AA7A2B57F81400590EA6 /* SignInRequest.swift in Sources */,
				E5001F962B5BEAF6004B65E6 /* URL+Trimming.swift in Sources */,
				E5A7AA602B57F81400590EA6 /* SignUpNavigation.swift in Sources */,
				E5A7AA722B57F81400590EA6 /* MoyaProvider+Request.swift in Sources */,
				E5A7AA772B57F81400590EA6 /* SignInResponse.swift in Sources */,
				E5A7AA672B57F81400590EA6 /* OnboardingPage.swift in Sources */,
			);
			runOnlyForDeploymentPostprocessing = 0;
		};
/* End PBXSourcesBuildPhase section */

/* Begin XCBuildConfiguration section */
		E5D749692B4A72E300213F63 /* Debug */ = {
			isa = XCBuildConfiguration;
			baseConfigurationReference = E5A7AA0C2B57F81400590EA6 /* APIKeys.xcconfig */;
			buildSettings = {
				ALWAYS_SEARCH_USER_PATHS = NO;
				ASSETCATALOG_COMPILER_GENERATE_SWIFT_ASSET_SYMBOL_EXTENSIONS = YES;
				CLANG_ANALYZER_NONNULL = YES;
				CLANG_ANALYZER_NUMBER_OBJECT_CONVERSION = YES_AGGRESSIVE;
				CLANG_CXX_LANGUAGE_STANDARD = "gnu++20";
				CLANG_ENABLE_MODULES = YES;
				CLANG_ENABLE_OBJC_ARC = YES;
				CLANG_ENABLE_OBJC_WEAK = YES;
				CLANG_WARN_BLOCK_CAPTURE_AUTORELEASING = YES;
				CLANG_WARN_BOOL_CONVERSION = YES;
				CLANG_WARN_COMMA = YES;
				CLANG_WARN_CONSTANT_CONVERSION = YES;
				CLANG_WARN_DEPRECATED_OBJC_IMPLEMENTATIONS = YES;
				CLANG_WARN_DIRECT_OBJC_ISA_USAGE = YES_ERROR;
				CLANG_WARN_DOCUMENTATION_COMMENTS = YES;
				CLANG_WARN_EMPTY_BODY = YES;
				CLANG_WARN_ENUM_CONVERSION = YES;
				CLANG_WARN_INFINITE_RECURSION = YES;
				CLANG_WARN_INT_CONVERSION = YES;
				CLANG_WARN_NON_LITERAL_NULL_CONVERSION = YES;
				CLANG_WARN_OBJC_IMPLICIT_RETAIN_SELF = YES;
				CLANG_WARN_OBJC_LITERAL_CONVERSION = YES;
				CLANG_WARN_OBJC_ROOT_CLASS = YES_ERROR;
				CLANG_WARN_QUOTED_INCLUDE_IN_FRAMEWORK_HEADER = YES;
				CLANG_WARN_RANGE_LOOP_ANALYSIS = YES;
				CLANG_WARN_STRICT_PROTOTYPES = YES;
				CLANG_WARN_SUSPICIOUS_MOVE = YES;
				CLANG_WARN_UNGUARDED_AVAILABILITY = YES_AGGRESSIVE;
				CLANG_WARN_UNREACHABLE_CODE = YES;
				CLANG_WARN__DUPLICATE_METHOD_MATCH = YES;
				COPY_PHASE_STRIP = NO;
				DEBUG_INFORMATION_FORMAT = dwarf;
				ENABLE_STRICT_OBJC_MSGSEND = YES;
				ENABLE_TESTABILITY = YES;
				ENABLE_USER_SCRIPT_SANDBOXING = YES;
				GCC_C_LANGUAGE_STANDARD = gnu17;
				GCC_DYNAMIC_NO_PIC = NO;
				GCC_NO_COMMON_BLOCKS = YES;
				GCC_OPTIMIZATION_LEVEL = 0;
				GCC_PREPROCESSOR_DEFINITIONS = (
					"DEBUG=1",
					"$(inherited)",
				);
				GCC_WARN_64_TO_32_BIT_CONVERSION = YES;
				GCC_WARN_ABOUT_RETURN_TYPE = YES_ERROR;
				GCC_WARN_UNDECLARED_SELECTOR = YES;
				GCC_WARN_UNINITIALIZED_AUTOS = YES_AGGRESSIVE;
				GCC_WARN_UNUSED_FUNCTION = YES;
				GCC_WARN_UNUSED_VARIABLE = YES;
				INFOPLIST_FILE = Packy/Resources/Info.plist;
				IPHONEOS_DEPLOYMENT_TARGET = 17.0;
				LOCALIZATION_PREFERS_STRING_CATALOGS = YES;
				MTL_ENABLE_DEBUG_INFO = INCLUDE_SOURCE;
				MTL_FAST_MATH = YES;
				ONLY_ACTIVE_ARCH = YES;
				SDKROOT = iphoneos;
				SWIFT_ACTIVE_COMPILATION_CONDITIONS = "DEBUG $(inherited)";
				SWIFT_OPTIMIZATION_LEVEL = "-Onone";
			};
			name = Debug;
		};
		E5D7496A2B4A72E300213F63 /* Release */ = {
			isa = XCBuildConfiguration;
			baseConfigurationReference = E5A7AA0C2B57F81400590EA6 /* APIKeys.xcconfig */;
			buildSettings = {
				ALWAYS_SEARCH_USER_PATHS = NO;
				ASSETCATALOG_COMPILER_GENERATE_SWIFT_ASSET_SYMBOL_EXTENSIONS = YES;
				CLANG_ANALYZER_NONNULL = YES;
				CLANG_ANALYZER_NUMBER_OBJECT_CONVERSION = YES_AGGRESSIVE;
				CLANG_CXX_LANGUAGE_STANDARD = "gnu++20";
				CLANG_ENABLE_MODULES = YES;
				CLANG_ENABLE_OBJC_ARC = YES;
				CLANG_ENABLE_OBJC_WEAK = YES;
				CLANG_WARN_BLOCK_CAPTURE_AUTORELEASING = YES;
				CLANG_WARN_BOOL_CONVERSION = YES;
				CLANG_WARN_COMMA = YES;
				CLANG_WARN_CONSTANT_CONVERSION = YES;
				CLANG_WARN_DEPRECATED_OBJC_IMPLEMENTATIONS = YES;
				CLANG_WARN_DIRECT_OBJC_ISA_USAGE = YES_ERROR;
				CLANG_WARN_DOCUMENTATION_COMMENTS = YES;
				CLANG_WARN_EMPTY_BODY = YES;
				CLANG_WARN_ENUM_CONVERSION = YES;
				CLANG_WARN_INFINITE_RECURSION = YES;
				CLANG_WARN_INT_CONVERSION = YES;
				CLANG_WARN_NON_LITERAL_NULL_CONVERSION = YES;
				CLANG_WARN_OBJC_IMPLICIT_RETAIN_SELF = YES;
				CLANG_WARN_OBJC_LITERAL_CONVERSION = YES;
				CLANG_WARN_OBJC_ROOT_CLASS = YES_ERROR;
				CLANG_WARN_QUOTED_INCLUDE_IN_FRAMEWORK_HEADER = YES;
				CLANG_WARN_RANGE_LOOP_ANALYSIS = YES;
				CLANG_WARN_STRICT_PROTOTYPES = YES;
				CLANG_WARN_SUSPICIOUS_MOVE = YES;
				CLANG_WARN_UNGUARDED_AVAILABILITY = YES_AGGRESSIVE;
				CLANG_WARN_UNREACHABLE_CODE = YES;
				CLANG_WARN__DUPLICATE_METHOD_MATCH = YES;
				COPY_PHASE_STRIP = NO;
				DEBUG_INFORMATION_FORMAT = "dwarf-with-dsym";
				ENABLE_NS_ASSERTIONS = NO;
				ENABLE_STRICT_OBJC_MSGSEND = YES;
				ENABLE_USER_SCRIPT_SANDBOXING = YES;
				GCC_C_LANGUAGE_STANDARD = gnu17;
				GCC_NO_COMMON_BLOCKS = YES;
				GCC_WARN_64_TO_32_BIT_CONVERSION = YES;
				GCC_WARN_ABOUT_RETURN_TYPE = YES_ERROR;
				GCC_WARN_UNDECLARED_SELECTOR = YES;
				GCC_WARN_UNINITIALIZED_AUTOS = YES_AGGRESSIVE;
				GCC_WARN_UNUSED_FUNCTION = YES;
				GCC_WARN_UNUSED_VARIABLE = YES;
				INFOPLIST_FILE = Packy/Resources/Info.plist;
				IPHONEOS_DEPLOYMENT_TARGET = 17.0;
				LOCALIZATION_PREFERS_STRING_CATALOGS = YES;
				MTL_ENABLE_DEBUG_INFO = NO;
				MTL_FAST_MATH = YES;
				SDKROOT = iphoneos;
				SWIFT_COMPILATION_MODE = wholemodule;
				VALIDATE_PRODUCT = YES;
			};
			name = Release;
		};
		E5D7496C2B4A72E300213F63 /* Debug */ = {
			isa = XCBuildConfiguration;
			buildSettings = {
				ASSETCATALOG_COMPILER_APPICON_NAME = AppIcon;
				ASSETCATALOG_COMPILER_GLOBAL_ACCENT_COLOR_NAME = AccentColor;
				CODE_SIGN_ENTITLEMENTS = Packy/Resources/Packy.entitlements;
				CODE_SIGN_STYLE = Automatic;
				CURRENT_PROJECT_VERSION = 1;
				DEVELOPMENT_ASSET_PATHS = "\"Packy/Resources/Preview Content\"";
				DEVELOPMENT_TEAM = TZ3VZ8CUCV;
				ENABLE_PREVIEWS = YES;
				GENERATE_INFOPLIST_FILE = YES;
				INFOPLIST_FILE = Packy/Resources/Info.plist;
				INFOPLIST_KEY_UIApplicationSceneManifest_Generation = YES;
				INFOPLIST_KEY_UIApplicationSupportsIndirectInputEvents = YES;
				INFOPLIST_KEY_UILaunchScreen_Generation = YES;
				INFOPLIST_KEY_UIStatusBarStyle = UIStatusBarStyleLightContent;
				INFOPLIST_KEY_UISupportedInterfaceOrientations = UIInterfaceOrientationPortrait;
				INFOPLIST_KEY_UISupportedInterfaceOrientations_iPad = "UIInterfaceOrientationLandscapeLeft UIInterfaceOrientationLandscapeRight UIInterfaceOrientationPortrait UIInterfaceOrientationPortraitUpsideDown";
				LD_RUNPATH_SEARCH_PATHS = (
					"$(inherited)",
					"@executable_path/Frameworks",
				);
				MARKETING_VERSION = 1.0;
				PRODUCT_BUNDLE_IDENTIFIER = com.dilly.Packy;
				PRODUCT_NAME = "$(TARGET_NAME)";
				SUPPORTED_PLATFORMS = "iphoneos iphonesimulator";
				SUPPORTS_MACCATALYST = NO;
				SUPPORTS_MAC_DESIGNED_FOR_IPHONE_IPAD = NO;
				SWIFT_EMIT_LOC_STRINGS = YES;
				SWIFT_VERSION = 5.0;
				TARGETED_DEVICE_FAMILY = 1;
			};
			name = Debug;
		};
		E5D7496D2B4A72E300213F63 /* Release */ = {
			isa = XCBuildConfiguration;
			buildSettings = {
				ASSETCATALOG_COMPILER_APPICON_NAME = AppIcon;
				ASSETCATALOG_COMPILER_GLOBAL_ACCENT_COLOR_NAME = AccentColor;
				CODE_SIGN_ENTITLEMENTS = Packy/Resources/Packy.entitlements;
				CODE_SIGN_STYLE = Automatic;
				CURRENT_PROJECT_VERSION = 1;
				DEVELOPMENT_ASSET_PATHS = "\"Packy/Resources/Preview Content\"";
				DEVELOPMENT_TEAM = TZ3VZ8CUCV;
				ENABLE_PREVIEWS = YES;
				GENERATE_INFOPLIST_FILE = YES;
				INFOPLIST_FILE = Packy/Resources/Info.plist;
				INFOPLIST_KEY_UIApplicationSceneManifest_Generation = YES;
				INFOPLIST_KEY_UIApplicationSupportsIndirectInputEvents = YES;
				INFOPLIST_KEY_UILaunchScreen_Generation = YES;
				INFOPLIST_KEY_UIStatusBarStyle = UIStatusBarStyleLightContent;
				INFOPLIST_KEY_UISupportedInterfaceOrientations = UIInterfaceOrientationPortrait;
				INFOPLIST_KEY_UISupportedInterfaceOrientations_iPad = "UIInterfaceOrientationLandscapeLeft UIInterfaceOrientationLandscapeRight UIInterfaceOrientationPortrait UIInterfaceOrientationPortraitUpsideDown";
				LD_RUNPATH_SEARCH_PATHS = (
					"$(inherited)",
					"@executable_path/Frameworks",
				);
				MARKETING_VERSION = 1.0;
				PRODUCT_BUNDLE_IDENTIFIER = com.dilly.Packy;
				PRODUCT_NAME = "$(TARGET_NAME)";
				SUPPORTED_PLATFORMS = "iphoneos iphonesimulator";
				SUPPORTS_MACCATALYST = NO;
				SUPPORTS_MAC_DESIGNED_FOR_IPHONE_IPAD = NO;
				SWIFT_EMIT_LOC_STRINGS = YES;
				SWIFT_VERSION = 5.0;
				TARGETED_DEVICE_FAMILY = 1;
			};
			name = Release;
		};
/* End XCBuildConfiguration section */

/* Begin XCConfigurationList section */
		E5D749582B4A72E100213F63 /* Build configuration list for PBXProject "Packy" */ = {
			isa = XCConfigurationList;
			buildConfigurations = (
				E5D749692B4A72E300213F63 /* Debug */,
				E5D7496A2B4A72E300213F63 /* Release */,
			);
			defaultConfigurationIsVisible = 0;
			defaultConfigurationName = Release;
		};
		E5D7496B2B4A72E300213F63 /* Build configuration list for PBXNativeTarget "Packy" */ = {
			isa = XCConfigurationList;
			buildConfigurations = (
				E5D7496C2B4A72E300213F63 /* Debug */,
				E5D7496D2B4A72E300213F63 /* Release */,
			);
			defaultConfigurationIsVisible = 0;
			defaultConfigurationName = Release;
		};
/* End XCConfigurationList section */

/* Begin XCRemoteSwiftPackageReference section */
		E5A7AA922B57F89C00590EA6 /* XCRemoteSwiftPackageReference "YouTubePlayerKit" */ = {
			isa = XCRemoteSwiftPackageReference;
			repositoryURL = "git@github.com:SvenTiigi/YouTubePlayerKit.git";
			requirement = {
				kind = upToNextMajorVersion;
				minimumVersion = 1.6.0;
			};
		};
		E5A7AA952B57F8A300590EA6 /* XCRemoteSwiftPackageReference "Moya" */ = {
			isa = XCRemoteSwiftPackageReference;
			repositoryURL = "https://github.com/Moya/Moya";
			requirement = {
				kind = upToNextMajorVersion;
				minimumVersion = 15.0.3;
			};
		};
		E5A7AA982B57F99700590EA6 /* XCRemoteSwiftPackageReference "kakao-ios-sdk" */ = {
			isa = XCRemoteSwiftPackageReference;
			repositoryURL = "https://github.com/kakao/kakao-ios-sdk";
			requirement = {
				kind = upToNextMajorVersion;
				minimumVersion = 2.20.0;
			};
		};
		E5D749742B4A7B9200213F63 /* XCRemoteSwiftPackageReference "Alamofire" */ = {
			isa = XCRemoteSwiftPackageReference;
			repositoryURL = "git@github.com:Alamofire/Alamofire.git";
			requirement = {
				kind = upToNextMajorVersion;
				minimumVersion = 5.8.1;
			};
		};
		E5D749772B4A7C1A00213F63 /* XCRemoteSwiftPackageReference "swift-composable-architecture" */ = {
			isa = XCRemoteSwiftPackageReference;
			repositoryURL = "git@github.com:pointfreeco/swift-composable-architecture.git";
			requirement = {
				kind = upToNextMajorVersion;
				minimumVersion = 1.5.6;
			};
		};
		E5D7497A2B4A7C3300213F63 /* XCRemoteSwiftPackageReference "Kingfisher" */ = {
			isa = XCRemoteSwiftPackageReference;
			repositoryURL = "git@github.com:onevcat/Kingfisher.git";
			requirement = {
				kind = upToNextMajorVersion;
				minimumVersion = 7.10.1;
			};
		};
/* End XCRemoteSwiftPackageReference section */

/* Begin XCSwiftPackageProductDependency section */
		E58A7B062B57FA3F0059FBF3 /* KakaoSDKAuth */ = {
			isa = XCSwiftPackageProductDependency;
			package = E5A7AA982B57F99700590EA6 /* XCRemoteSwiftPackageReference "kakao-ios-sdk" */;
			productName = KakaoSDKAuth;
		};
		E58A7B082B57FA3F0059FBF3 /* KakaoSDKCommon */ = {
			isa = XCSwiftPackageProductDependency;
			package = E5A7AA982B57F99700590EA6 /* XCRemoteSwiftPackageReference "kakao-ios-sdk" */;
			productName = KakaoSDKCommon;
		};
		E58A7B0A2B57FA3F0059FBF3 /* KakaoSDKUser */ = {
			isa = XCSwiftPackageProductDependency;
			package = E5A7AA982B57F99700590EA6 /* XCRemoteSwiftPackageReference "kakao-ios-sdk" */;
			productName = KakaoSDKUser;
		};
		E5A7AA932B57F89C00590EA6 /* YouTubePlayerKit */ = {
			isa = XCSwiftPackageProductDependency;
			package = E5A7AA922B57F89C00590EA6 /* XCRemoteSwiftPackageReference "YouTubePlayerKit" */;
			productName = YouTubePlayerKit;
		};
		E5A7AA962B57F8A300590EA6 /* Moya */ = {
			isa = XCSwiftPackageProductDependency;
			package = E5A7AA952B57F8A300590EA6 /* XCRemoteSwiftPackageReference "Moya" */;
			productName = Moya;
		};
		E5D749752B4A7B9200213F63 /* Alamofire */ = {
			isa = XCSwiftPackageProductDependency;
			package = E5D749742B4A7B9200213F63 /* XCRemoteSwiftPackageReference "Alamofire" */;
			productName = Alamofire;
		};
		E5D749782B4A7C1A00213F63 /* ComposableArchitecture */ = {
			isa = XCSwiftPackageProductDependency;
			package = E5D749772B4A7C1A00213F63 /* XCRemoteSwiftPackageReference "swift-composable-architecture" */;
			productName = ComposableArchitecture;
		};
		E5D7497B2B4A7C3300213F63 /* Kingfisher */ = {
			isa = XCSwiftPackageProductDependency;
			package = E5D7497A2B4A7C3300213F63 /* XCRemoteSwiftPackageReference "Kingfisher" */;
			productName = Kingfisher;
		};
/* End XCSwiftPackageProductDependency section */
	};
	rootObject = E5D749552B4A72E100213F63 /* Project object */;
}
