// !$*UTF8*$!
{
	archiveVersion = 1;
	classes = {
	};
	objectVersion = 56;
	objects = {

/* Begin PBXBuildFile section */
		E547DD212B502BE300641D6D /* UserNotificationClient.swift in Sources */ = {isa = PBXBuildFile; fileRef = E547DD202B502BE300641D6D /* UserNotificationClient.swift */; };
		E547DD302B51411600641D6D /* PhotoElement.swift in Sources */ = {isa = PBXBuildFile; fileRef = E547DD2F2B51411600641D6D /* PhotoElement.swift */; };
		E547DD322B51460C00641D6D /* Image+ScaleToFillFrame.swift in Sources */ = {isa = PBXBuildFile; fileRef = E547DD312B51460C00641D6D /* Image+ScaleToFillFrame.swift */; };
		E547DD342B51474800641D6D /* View+If.swift in Sources */ = {isa = PBXBuildFile; fileRef = E547DD332B51474800641D6D /* View+If.swift */; };
		E560D4B92B4D80F50098D603 /* SignUpNavigation.swift in Sources */ = {isa = PBXBuildFile; fileRef = E560D4B62B4D80F50098D603 /* SignUpNavigation.swift */; };
		E560D4BE2B4D811F0098D603 /* SignUpNicknameView.swift in Sources */ = {isa = PBXBuildFile; fileRef = E560D4BC2B4D811F0098D603 /* SignUpNicknameView.swift */; };
		E560D4BF2B4D811F0098D603 /* SignUpNicknameFeature.swift in Sources */ = {isa = PBXBuildFile; fileRef = E560D4BD2B4D811F0098D603 /* SignUpNicknameFeature.swift */; };
		E560D4C42B4D81630098D603 /* SignUpProfileView.swift in Sources */ = {isa = PBXBuildFile; fileRef = E560D4C22B4D81630098D603 /* SignUpProfileView.swift */; };
		E560D4C52B4D81630098D603 /* SignUpProfileFeature.swift in Sources */ = {isa = PBXBuildFile; fileRef = E560D4C32B4D81630098D603 /* SignUpProfileFeature.swift */; };
		E560D4CD2B4D8B490098D603 /* PackyNavigationLink.swift in Sources */ = {isa = PBXBuildFile; fileRef = E560D4CC2B4D8B490098D603 /* PackyNavigationLink.swift */; };
		E560D4CF2B4D9A910098D603 /* TextField+LimitInputLength.swift in Sources */ = {isa = PBXBuildFile; fileRef = E560D4CE2B4D9A910098D603 /* TextField+LimitInputLength.swift */; };
		E560D4D12B4D9CEB0098D603 /* View+HideKeyboard.swift in Sources */ = {isa = PBXBuildFile; fileRef = E560D4D02B4D9CEB0098D603 /* View+HideKeyboard.swift */; };
		E560D4D62B4DA0E70098D603 /* NavigationBar.swift in Sources */ = {isa = PBXBuildFile; fileRef = E560D4D52B4DA0E70098D603 /* NavigationBar.swift */; };
		E560D4D82B4DA9090098D603 /* UINavigationController+PopGesture.swift in Sources */ = {isa = PBXBuildFile; fileRef = E560D4D72B4DA9090098D603 /* UINavigationController+PopGesture.swift */; };
		E560D4DA2B4DACD30098D603 /* HapticManager.swift in Sources */ = {isa = PBXBuildFile; fileRef = E560D4D92B4DACD30098D603 /* HapticManager.swift */; };
		E5A457292B4D7BEC0077EA61 /* Radio.swift in Sources */ = {isa = PBXBuildFile; fileRef = E5A457282B4D7BEC0077EA61 /* Radio.swift */; };
		E5A4572B2B4D7C570077EA61 /* Checkbox.swift in Sources */ = {isa = PBXBuildFile; fileRef = E5A4572A2B4D7C570077EA61 /* Checkbox.swift */; };
		E5A7C9DB2B4EBD9D00F19D4A /* Terms.swift in Sources */ = {isa = PBXBuildFile; fileRef = E5A7C9DA2B4EBD9D00F19D4A /* Terms.swift */; };
		E5A7C9DE2B4ECCAB00F19D4A /* BouncyButtonStyle.swift in Sources */ = {isa = PBXBuildFile; fileRef = E5A7C9DD2B4ECCAB00F19D4A /* BouncyButtonStyle.swift */; };
		E5A7C9E02B4EE6DC00F19D4A /* ATTManager.swift in Sources */ = {isa = PBXBuildFile; fileRef = E5A7C9DF2B4EE6DC00F19D4A /* ATTManager.swift */; };
		E5C1D72F2B4FFD2B0073E575 /* BottomSheetModifier.swift in Sources */ = {isa = PBXBuildFile; fileRef = E5C1D72E2B4FFD2B0073E575 /* BottomSheetModifier.swift */; };
		E5D749612B4A72E100213F63 /* PackyApp.swift in Sources */ = {isa = PBXBuildFile; fileRef = E5D749602B4A72E100213F63 /* PackyApp.swift */; };
		E5D749652B4A72E300213F63 /* Assets.xcassets in Resources */ = {isa = PBXBuildFile; fileRef = E5D749642B4A72E300213F63 /* Assets.xcassets */; };
		E5D749682B4A72E300213F63 /* Preview Assets.xcassets in Resources */ = {isa = PBXBuildFile; fileRef = E5D749672B4A72E300213F63 /* Preview Assets.xcassets */; };
		E5D749762B4A7B9200213F63 /* Alamofire in Frameworks */ = {isa = PBXBuildFile; productRef = E5D749752B4A7B9200213F63 /* Alamofire */; };
		E5D749792B4A7C1A00213F63 /* ComposableArchitecture in Frameworks */ = {isa = PBXBuildFile; productRef = E5D749782B4A7C1A00213F63 /* ComposableArchitecture */; };
		E5D7497C2B4A7C3300213F63 /* Kingfisher in Frameworks */ = {isa = PBXBuildFile; productRef = E5D7497B2B4A7C3300213F63 /* Kingfisher */; };
		E5D749A92B4AB66700213F63 /* PretendardFont.swift in Sources */ = {isa = PBXBuildFile; fileRef = E5D749A82B4AB66700213F63 /* PretendardFont.swift */; };
		E5D749AB2B4AC45400213F63 /* PackyFont.swift in Sources */ = {isa = PBXBuildFile; fileRef = E5D749AA2B4AC45400213F63 /* PackyFont.swift */; };
		E5D749AD2B4AC71900213F63 /* Font+Pretendard.swift in Sources */ = {isa = PBXBuildFile; fileRef = E5D749AC2B4AC71900213F63 /* Font+Pretendard.swift */; };
		E5D749AF2B4AC73100213F63 /* Font+Packy.swift in Sources */ = {isa = PBXBuildFile; fileRef = E5D749AE2B4AC73100213F63 /* Font+Packy.swift */; };
		E5D749B92B4ACBF900213F63 /* Pretendard-Black.otf in Resources */ = {isa = PBXBuildFile; fileRef = E5D749A12B4AB4EC00213F63 /* Pretendard-Black.otf */; };
		E5D749BA2B4ACBF900213F63 /* Pretendard-Bold.otf in Resources */ = {isa = PBXBuildFile; fileRef = E5D749A32B4AB4EC00213F63 /* Pretendard-Bold.otf */; };
		E5D749BB2B4ACBF900213F63 /* Pretendard-ExtraBold.otf in Resources */ = {isa = PBXBuildFile; fileRef = E5D7499D2B4AB4EB00213F63 /* Pretendard-ExtraBold.otf */; };
		E5D749BC2B4ACBF900213F63 /* Pretendard-ExtraLight.otf in Resources */ = {isa = PBXBuildFile; fileRef = E5D7499E2B4AB4EB00213F63 /* Pretendard-ExtraLight.otf */; };
		E5D749BD2B4ACBF900213F63 /* Pretendard-Light.otf in Resources */ = {isa = PBXBuildFile; fileRef = E5D7499F2B4AB4EB00213F63 /* Pretendard-Light.otf */; };
		E5D749BE2B4ACBF900213F63 /* Pretendard-Medium.otf in Resources */ = {isa = PBXBuildFile; fileRef = E5D749A02B4AB4EC00213F63 /* Pretendard-Medium.otf */; };
		E5D749BF2B4ACBF900213F63 /* Pretendard-Regular.otf in Resources */ = {isa = PBXBuildFile; fileRef = E5D749A22B4AB4EC00213F63 /* Pretendard-Regular.otf */; };
		E5D749C02B4ACBF900213F63 /* Pretendard-SemiBold.otf in Resources */ = {isa = PBXBuildFile; fileRef = E5D749A42B4AB4EC00213F63 /* Pretendard-SemiBold.otf */; };
		E5D749C12B4ACBF900213F63 /* Pretendard-Thin.otf in Resources */ = {isa = PBXBuildFile; fileRef = E5D7499C2B4AB4EB00213F63 /* Pretendard-Thin.otf */; };
		E5D749CE2B4AD0D500213F63 /* RootView.swift in Sources */ = {isa = PBXBuildFile; fileRef = E5D749CC2B4AD0D500213F63 /* RootView.swift */; };
		E5D749CF2B4AD0D500213F63 /* RootFeature.swift in Sources */ = {isa = PBXBuildFile; fileRef = E5D749CD2B4AD0D500213F63 /* RootFeature.swift */; };
		E5D749D32B4AD17700213F63 /* OnboardingView.swift in Sources */ = {isa = PBXBuildFile; fileRef = E5D749D12B4AD17700213F63 /* OnboardingView.swift */; };
		E5D749D42B4AD17700213F63 /* OnboardingFeature.swift in Sources */ = {isa = PBXBuildFile; fileRef = E5D749D22B4AD17700213F63 /* OnboardingFeature.swift */; };
		E5D749D72B4AD17D00213F63 /* LoginView.swift in Sources */ = {isa = PBXBuildFile; fileRef = E5D749D52B4AD17D00213F63 /* LoginView.swift */; };
		E5D749D82B4AD17D00213F63 /* LoginFeature.swift in Sources */ = {isa = PBXBuildFile; fileRef = E5D749D62B4AD17D00213F63 /* LoginFeature.swift */; };
		E5D749DE2B4AD25700213F63 /* TermsAgreementView.swift in Sources */ = {isa = PBXBuildFile; fileRef = E5D749DC2B4AD25700213F63 /* TermsAgreementView.swift */; };
		E5D749DF2B4AD25700213F63 /* TermsAgreementFeature.swift in Sources */ = {isa = PBXBuildFile; fileRef = E5D749DD2B4AD25700213F63 /* TermsAgreementFeature.swift */; };
		E5D749E32B4AD28D00213F63 /* IntroView.swift in Sources */ = {isa = PBXBuildFile; fileRef = E5D749E12B4AD28D00213F63 /* IntroView.swift */; };
		E5D749E42B4AD28D00213F63 /* IntroFeature.swift in Sources */ = {isa = PBXBuildFile; fileRef = E5D749E22B4AD28D00213F63 /* IntroFeature.swift */; };
		E5D749E72B4AD3B100213F63 /* HomeView.swift in Sources */ = {isa = PBXBuildFile; fileRef = E5D749E52B4AD3B100213F63 /* HomeView.swift */; };
		E5D749E82B4AD3B100213F63 /* HomeFeature.swift in Sources */ = {isa = PBXBuildFile; fileRef = E5D749E62B4AD3B100213F63 /* HomeFeature.swift */; };
		E5D749EA2B4AD85600213F63 /* SocialLoginButton.swift in Sources */ = {isa = PBXBuildFile; fileRef = E5D749E92B4AD85600213F63 /* SocialLoginButton.swift */; };
		E5D749EC2B4AE3D900213F63 /* PageIndicator.swift in Sources */ = {isa = PBXBuildFile; fileRef = E5D749EB2B4AE3D900213F63 /* PageIndicator.swift */; };
		E5D749EE2B4AE5F500213F63 /* OnboardingPage.swift in Sources */ = {isa = PBXBuildFile; fileRef = E5D749ED2B4AE5F500213F63 /* OnboardingPage.swift */; };
		E5D749F02B4AEA4100213F63 /* PackyButton.swift in Sources */ = {isa = PBXBuildFile; fileRef = E5D749EF2B4AEA4100213F63 /* PackyButton.swift */; };
		E5D749F32B4AF34600213F63 /* UserDefaultsKey.swift in Sources */ = {isa = PBXBuildFile; fileRef = E5D749F22B4AF34600213F63 /* UserDefaultsKey.swift */; };
		E5D749F52B4AF37800213F63 /* UserDefaultsClient.swift in Sources */ = {isa = PBXBuildFile; fileRef = E5D749F42B4AF37800213F63 /* UserDefaultsClient.swift */; };
		E5D927C92B514AE20064FBA4 /* MusicPlayerView.swift in Sources */ = {isa = PBXBuildFile; fileRef = E5D927C82B514AE20064FBA4 /* MusicPlayerView.swift */; };
		E5D927CD2B514C9B0064FBA4 /* YouTubePlayerKit in Frameworks */ = {isa = PBXBuildFile; productRef = E5D927CC2B514C9B0064FBA4 /* YouTubePlayerKit */; };
		E5D927D02B514E280064FBA4 /* SpinningModifier.swift in Sources */ = {isa = PBXBuildFile; fileRef = E5D927CF2B514E280064FBA4 /* SpinningModifier.swift */; };
		E5D927D42B5159B10064FBA4 /* CarouselView.swift in Sources */ = {isa = PBXBuildFile; fileRef = E5D927D32B5159B10064FBA4 /* CarouselView.swift */; };
		E5E25DB52B4D69ED00125DCE /* PackyTextArea.swift in Sources */ = {isa = PBXBuildFile; fileRef = E5E25DB42B4D69ED00125DCE /* PackyTextArea.swift */; };
		E5E25DB72B4D712A00125DCE /* View+GetSize.swift in Sources */ = {isa = PBXBuildFile; fileRef = E5E25DB62B4D712A00125DCE /* View+GetSize.swift */; };
		E5E593B92B4C2AB800C5A733 /* KakaoSDKAuth in Frameworks */ = {isa = PBXBuildFile; productRef = E5E593B82B4C2AB800C5A733 /* KakaoSDKAuth */; };
		E5E593BB2B4C2AB800C5A733 /* KakaoSDKUser in Frameworks */ = {isa = PBXBuildFile; productRef = E5E593BA2B4C2AB800C5A733 /* KakaoSDKUser */; };
		E5F272FD2B52EC8F00588D83 /* MakeBoxFeature+Navigation.swift in Sources */ = {isa = PBXBuildFile; fileRef = E5F272FA2B52EC8F00588D83 /* MakeBoxFeature+Navigation.swift */; };
		E5F272FE2B52EC8F00588D83 /* MakeBoxView.swift in Sources */ = {isa = PBXBuildFile; fileRef = E5F272FB2B52EC8F00588D83 /* MakeBoxView.swift */; };
		E5F272FF2B52EC8F00588D83 /* MakeBoxFeature.swift in Sources */ = {isa = PBXBuildFile; fileRef = E5F272FC2B52EC8F00588D83 /* MakeBoxFeature.swift */; };
		E5F273022B52F21D00588D83 /* BoxStartGuideView.swift in Sources */ = {isa = PBXBuildFile; fileRef = E5F273002B52F21D00588D83 /* BoxStartGuideView.swift */; };
		E5F273032B52F21D00588D83 /* BoxStartGuideFeature.swift in Sources */ = {isa = PBXBuildFile; fileRef = E5F273012B52F21D00588D83 /* BoxStartGuideFeature.swift */; };
		E5F2C7CC2B4C183B007387BC /* Color+Hex.swift in Sources */ = {isa = PBXBuildFile; fileRef = E5F2C7CB2B4C183B007387BC /* Color+Hex.swift */; };
		E5F2C7D72B4C1C96007387BC /* SocialLoginClient.swift in Sources */ = {isa = PBXBuildFile; fileRef = E5F2C7D62B4C1C96007387BC /* SocialLoginClient.swift */; };
		E5F2C7D92B4C253C007387BC /* SocialLoginInfo.swift in Sources */ = {isa = PBXBuildFile; fileRef = E5F2C7D82B4C253C007387BC /* SocialLoginInfo.swift */; };
		E5F2C7DB2B4C2759007387BC /* AppleLoginController.swift in Sources */ = {isa = PBXBuildFile; fileRef = E5F2C7DA2B4C2759007387BC /* AppleLoginController.swift */; };
		E5F2C7DE2B4C281A007387BC /* KakaoLoginController.swift in Sources */ = {isa = PBXBuildFile; fileRef = E5F2C7DD2B4C281A007387BC /* KakaoLoginController.swift */; };
		E5FF94D32B4C3106002AF035 /* APIKey.swift in Sources */ = {isa = PBXBuildFile; fileRef = E5FF94D22B4C3106002AF035 /* APIKey.swift */; };
		E5FF94D62B4C44F6002AF035 /* CloseButton.swift in Sources */ = {isa = PBXBuildFile; fileRef = E5FF94D52B4C44F6002AF035 /* CloseButton.swift */; };
		E5FF94D82B4C4A6A002AF035 /* PackyTextField.swift in Sources */ = {isa = PBXBuildFile; fileRef = E5FF94D72B4C4A6A002AF035 /* PackyTextField.swift */; };
/* End PBXBuildFile section */

/* Begin PBXFileReference section */
		E547DD202B502BE300641D6D /* UserNotificationClient.swift */ = {isa = PBXFileReference; lastKnownFileType = sourcecode.swift; path = UserNotificationClient.swift; sourceTree = "<group>"; };
		E547DD2F2B51411600641D6D /* PhotoElement.swift */ = {isa = PBXFileReference; lastKnownFileType = sourcecode.swift; path = PhotoElement.swift; sourceTree = "<group>"; };
		E547DD312B51460C00641D6D /* Image+ScaleToFillFrame.swift */ = {isa = PBXFileReference; lastKnownFileType = sourcecode.swift; path = "Image+ScaleToFillFrame.swift"; sourceTree = "<group>"; };
		E547DD332B51474800641D6D /* View+If.swift */ = {isa = PBXFileReference; lastKnownFileType = sourcecode.swift; path = "View+If.swift"; sourceTree = "<group>"; };
		E560D4B62B4D80F50098D603 /* SignUpNavigation.swift */ = {isa = PBXFileReference; lastKnownFileType = sourcecode.swift; path = SignUpNavigation.swift; sourceTree = "<group>"; };
		E560D4BC2B4D811F0098D603 /* SignUpNicknameView.swift */ = {isa = PBXFileReference; lastKnownFileType = sourcecode.swift; path = SignUpNicknameView.swift; sourceTree = "<group>"; };
		E560D4BD2B4D811F0098D603 /* SignUpNicknameFeature.swift */ = {isa = PBXFileReference; lastKnownFileType = sourcecode.swift; path = SignUpNicknameFeature.swift; sourceTree = "<group>"; };
		E560D4C22B4D81630098D603 /* SignUpProfileView.swift */ = {isa = PBXFileReference; lastKnownFileType = sourcecode.swift; path = SignUpProfileView.swift; sourceTree = "<group>"; };
		E560D4C32B4D81630098D603 /* SignUpProfileFeature.swift */ = {isa = PBXFileReference; lastKnownFileType = sourcecode.swift; path = SignUpProfileFeature.swift; sourceTree = "<group>"; };
		E560D4CC2B4D8B490098D603 /* PackyNavigationLink.swift */ = {isa = PBXFileReference; lastKnownFileType = sourcecode.swift; path = PackyNavigationLink.swift; sourceTree = "<group>"; };
		E560D4CE2B4D9A910098D603 /* TextField+LimitInputLength.swift */ = {isa = PBXFileReference; lastKnownFileType = sourcecode.swift; path = "TextField+LimitInputLength.swift"; sourceTree = "<group>"; };
		E560D4D02B4D9CEB0098D603 /* View+HideKeyboard.swift */ = {isa = PBXFileReference; lastKnownFileType = sourcecode.swift; path = "View+HideKeyboard.swift"; sourceTree = "<group>"; };
		E560D4D52B4DA0E70098D603 /* NavigationBar.swift */ = {isa = PBXFileReference; lastKnownFileType = sourcecode.swift; path = NavigationBar.swift; sourceTree = "<group>"; };
		E560D4D72B4DA9090098D603 /* UINavigationController+PopGesture.swift */ = {isa = PBXFileReference; lastKnownFileType = sourcecode.swift; path = "UINavigationController+PopGesture.swift"; sourceTree = "<group>"; };
		E560D4D92B4DACD30098D603 /* HapticManager.swift */ = {isa = PBXFileReference; lastKnownFileType = sourcecode.swift; path = HapticManager.swift; sourceTree = "<group>"; };
		E5A457282B4D7BEC0077EA61 /* Radio.swift */ = {isa = PBXFileReference; lastKnownFileType = sourcecode.swift; path = Radio.swift; sourceTree = "<group>"; };
		E5A4572A2B4D7C570077EA61 /* Checkbox.swift */ = {isa = PBXFileReference; lastKnownFileType = sourcecode.swift; path = Checkbox.swift; sourceTree = "<group>"; };
		E5A7C9DA2B4EBD9D00F19D4A /* Terms.swift */ = {isa = PBXFileReference; lastKnownFileType = sourcecode.swift; path = Terms.swift; sourceTree = "<group>"; };
		E5A7C9DD2B4ECCAB00F19D4A /* BouncyButtonStyle.swift */ = {isa = PBXFileReference; lastKnownFileType = sourcecode.swift; path = BouncyButtonStyle.swift; sourceTree = "<group>"; };
		E5A7C9DF2B4EE6DC00F19D4A /* ATTManager.swift */ = {isa = PBXFileReference; lastKnownFileType = sourcecode.swift; path = ATTManager.swift; sourceTree = "<group>"; };
		E5C1D72E2B4FFD2B0073E575 /* BottomSheetModifier.swift */ = {isa = PBXFileReference; lastKnownFileType = sourcecode.swift; path = BottomSheetModifier.swift; sourceTree = "<group>"; };
		E5D7495D2B4A72E100213F63 /* Packy.app */ = {isa = PBXFileReference; explicitFileType = wrapper.application; includeInIndex = 0; path = Packy.app; sourceTree = BUILT_PRODUCTS_DIR; };
		E5D749602B4A72E100213F63 /* PackyApp.swift */ = {isa = PBXFileReference; lastKnownFileType = sourcecode.swift; path = PackyApp.swift; sourceTree = "<group>"; };
		E5D749642B4A72E300213F63 /* Assets.xcassets */ = {isa = PBXFileReference; lastKnownFileType = folder.assetcatalog; path = Assets.xcassets; sourceTree = "<group>"; };
		E5D749672B4A72E300213F63 /* Preview Assets.xcassets */ = {isa = PBXFileReference; lastKnownFileType = folder.assetcatalog; path = "Preview Assets.xcassets"; sourceTree = "<group>"; };
		E5D7497D2B4A7D5800213F63 /* Packy.entitlements */ = {isa = PBXFileReference; lastKnownFileType = text.plist.entitlements; path = Packy.entitlements; sourceTree = "<group>"; };
		E5D7499C2B4AB4EB00213F63 /* Pretendard-Thin.otf */ = {isa = PBXFileReference; lastKnownFileType = file; path = "Pretendard-Thin.otf"; sourceTree = "<group>"; };
		E5D7499D2B4AB4EB00213F63 /* Pretendard-ExtraBold.otf */ = {isa = PBXFileReference; lastKnownFileType = file; path = "Pretendard-ExtraBold.otf"; sourceTree = "<group>"; };
		E5D7499E2B4AB4EB00213F63 /* Pretendard-ExtraLight.otf */ = {isa = PBXFileReference; lastKnownFileType = file; path = "Pretendard-ExtraLight.otf"; sourceTree = "<group>"; };
		E5D7499F2B4AB4EB00213F63 /* Pretendard-Light.otf */ = {isa = PBXFileReference; lastKnownFileType = file; path = "Pretendard-Light.otf"; sourceTree = "<group>"; };
		E5D749A02B4AB4EC00213F63 /* Pretendard-Medium.otf */ = {isa = PBXFileReference; lastKnownFileType = file; path = "Pretendard-Medium.otf"; sourceTree = "<group>"; };
		E5D749A12B4AB4EC00213F63 /* Pretendard-Black.otf */ = {isa = PBXFileReference; lastKnownFileType = file; path = "Pretendard-Black.otf"; sourceTree = "<group>"; };
		E5D749A22B4AB4EC00213F63 /* Pretendard-Regular.otf */ = {isa = PBXFileReference; lastKnownFileType = file; path = "Pretendard-Regular.otf"; sourceTree = "<group>"; };
		E5D749A32B4AB4EC00213F63 /* Pretendard-Bold.otf */ = {isa = PBXFileReference; lastKnownFileType = file; path = "Pretendard-Bold.otf"; sourceTree = "<group>"; };
		E5D749A42B4AB4EC00213F63 /* Pretendard-SemiBold.otf */ = {isa = PBXFileReference; lastKnownFileType = file; path = "Pretendard-SemiBold.otf"; sourceTree = "<group>"; };
		E5D749A52B4AB51B00213F63 /* Info.plist */ = {isa = PBXFileReference; lastKnownFileType = text.plist.xml; path = Info.plist; sourceTree = "<group>"; };
		E5D749A82B4AB66700213F63 /* PretendardFont.swift */ = {isa = PBXFileReference; lastKnownFileType = sourcecode.swift; path = PretendardFont.swift; sourceTree = "<group>"; };
		E5D749AA2B4AC45400213F63 /* PackyFont.swift */ = {isa = PBXFileReference; lastKnownFileType = sourcecode.swift; path = PackyFont.swift; sourceTree = "<group>"; };
		E5D749AC2B4AC71900213F63 /* Font+Pretendard.swift */ = {isa = PBXFileReference; lastKnownFileType = sourcecode.swift; path = "Font+Pretendard.swift"; sourceTree = "<group>"; };
		E5D749AE2B4AC73100213F63 /* Font+Packy.swift */ = {isa = PBXFileReference; lastKnownFileType = sourcecode.swift; path = "Font+Packy.swift"; sourceTree = "<group>"; };
		E5D749CC2B4AD0D500213F63 /* RootView.swift */ = {isa = PBXFileReference; lastKnownFileType = sourcecode.swift; path = RootView.swift; sourceTree = "<group>"; };
		E5D749CD2B4AD0D500213F63 /* RootFeature.swift */ = {isa = PBXFileReference; lastKnownFileType = sourcecode.swift; path = RootFeature.swift; sourceTree = "<group>"; };
		E5D749D12B4AD17700213F63 /* OnboardingView.swift */ = {isa = PBXFileReference; lastKnownFileType = sourcecode.swift; path = OnboardingView.swift; sourceTree = "<group>"; };
		E5D749D22B4AD17700213F63 /* OnboardingFeature.swift */ = {isa = PBXFileReference; lastKnownFileType = sourcecode.swift; path = OnboardingFeature.swift; sourceTree = "<group>"; };
		E5D749D52B4AD17D00213F63 /* LoginView.swift */ = {isa = PBXFileReference; lastKnownFileType = sourcecode.swift; path = LoginView.swift; sourceTree = "<group>"; };
		E5D749D62B4AD17D00213F63 /* LoginFeature.swift */ = {isa = PBXFileReference; lastKnownFileType = sourcecode.swift; path = LoginFeature.swift; sourceTree = "<group>"; };
		E5D749DC2B4AD25700213F63 /* TermsAgreementView.swift */ = {isa = PBXFileReference; lastKnownFileType = sourcecode.swift; path = TermsAgreementView.swift; sourceTree = "<group>"; };
		E5D749DD2B4AD25700213F63 /* TermsAgreementFeature.swift */ = {isa = PBXFileReference; lastKnownFileType = sourcecode.swift; path = TermsAgreementFeature.swift; sourceTree = "<group>"; };
		E5D749E12B4AD28D00213F63 /* IntroView.swift */ = {isa = PBXFileReference; lastKnownFileType = sourcecode.swift; path = IntroView.swift; sourceTree = "<group>"; };
		E5D749E22B4AD28D00213F63 /* IntroFeature.swift */ = {isa = PBXFileReference; lastKnownFileType = sourcecode.swift; path = IntroFeature.swift; sourceTree = "<group>"; };
		E5D749E52B4AD3B100213F63 /* HomeView.swift */ = {isa = PBXFileReference; lastKnownFileType = sourcecode.swift; path = HomeView.swift; sourceTree = "<group>"; };
		E5D749E62B4AD3B100213F63 /* HomeFeature.swift */ = {isa = PBXFileReference; lastKnownFileType = sourcecode.swift; path = HomeFeature.swift; sourceTree = "<group>"; };
		E5D749E92B4AD85600213F63 /* SocialLoginButton.swift */ = {isa = PBXFileReference; lastKnownFileType = sourcecode.swift; path = SocialLoginButton.swift; sourceTree = "<group>"; };
		E5D749EB2B4AE3D900213F63 /* PageIndicator.swift */ = {isa = PBXFileReference; lastKnownFileType = sourcecode.swift; path = PageIndicator.swift; sourceTree = "<group>"; };
		E5D749ED2B4AE5F500213F63 /* OnboardingPage.swift */ = {isa = PBXFileReference; lastKnownFileType = sourcecode.swift; path = OnboardingPage.swift; sourceTree = "<group>"; };
		E5D749EF2B4AEA4100213F63 /* PackyButton.swift */ = {isa = PBXFileReference; lastKnownFileType = sourcecode.swift; path = PackyButton.swift; sourceTree = "<group>"; };
		E5D749F22B4AF34600213F63 /* UserDefaultsKey.swift */ = {isa = PBXFileReference; lastKnownFileType = sourcecode.swift; path = UserDefaultsKey.swift; sourceTree = "<group>"; };
		E5D749F42B4AF37800213F63 /* UserDefaultsClient.swift */ = {isa = PBXFileReference; lastKnownFileType = sourcecode.swift; path = UserDefaultsClient.swift; sourceTree = "<group>"; };
		E5D927C82B514AE20064FBA4 /* MusicPlayerView.swift */ = {isa = PBXFileReference; lastKnownFileType = sourcecode.swift; path = MusicPlayerView.swift; sourceTree = "<group>"; };
		E5D927CF2B514E280064FBA4 /* SpinningModifier.swift */ = {isa = PBXFileReference; lastKnownFileType = sourcecode.swift; path = SpinningModifier.swift; sourceTree = "<group>"; };
		E5D927D32B5159B10064FBA4 /* CarouselView.swift */ = {isa = PBXFileReference; lastKnownFileType = sourcecode.swift; path = CarouselView.swift; sourceTree = "<group>"; };
		E5E25DB42B4D69ED00125DCE /* PackyTextArea.swift */ = {isa = PBXFileReference; lastKnownFileType = sourcecode.swift; path = PackyTextArea.swift; sourceTree = "<group>"; };
		E5E25DB62B4D712A00125DCE /* View+GetSize.swift */ = {isa = PBXFileReference; lastKnownFileType = sourcecode.swift; path = "View+GetSize.swift"; sourceTree = "<group>"; };
		E5F272FA2B52EC8F00588D83 /* MakeBoxFeature+Navigation.swift */ = {isa = PBXFileReference; lastKnownFileType = sourcecode.swift; path = "MakeBoxFeature+Navigation.swift"; sourceTree = "<group>"; };
		E5F272FB2B52EC8F00588D83 /* MakeBoxView.swift */ = {isa = PBXFileReference; lastKnownFileType = sourcecode.swift; path = MakeBoxView.swift; sourceTree = "<group>"; };
		E5F272FC2B52EC8F00588D83 /* MakeBoxFeature.swift */ = {isa = PBXFileReference; lastKnownFileType = sourcecode.swift; path = MakeBoxFeature.swift; sourceTree = "<group>"; };
		E5F273002B52F21D00588D83 /* BoxStartGuideView.swift */ = {isa = PBXFileReference; fileEncoding = 4; lastKnownFileType = sourcecode.swift; path = BoxStartGuideView.swift; sourceTree = "<group>"; };
		E5F273012B52F21D00588D83 /* BoxStartGuideFeature.swift */ = {isa = PBXFileReference; fileEncoding = 4; lastKnownFileType = sourcecode.swift; path = BoxStartGuideFeature.swift; sourceTree = "<group>"; };
		E5F2C7CB2B4C183B007387BC /* Color+Hex.swift */ = {isa = PBXFileReference; lastKnownFileType = sourcecode.swift; path = "Color+Hex.swift"; sourceTree = "<group>"; };
		E5F2C7D62B4C1C96007387BC /* SocialLoginClient.swift */ = {isa = PBXFileReference; lastKnownFileType = sourcecode.swift; path = SocialLoginClient.swift; sourceTree = "<group>"; };
		E5F2C7D82B4C253C007387BC /* SocialLoginInfo.swift */ = {isa = PBXFileReference; lastKnownFileType = sourcecode.swift; path = SocialLoginInfo.swift; sourceTree = "<group>"; };
		E5F2C7DA2B4C2759007387BC /* AppleLoginController.swift */ = {isa = PBXFileReference; lastKnownFileType = sourcecode.swift; path = AppleLoginController.swift; sourceTree = "<group>"; };
		E5F2C7DD2B4C281A007387BC /* KakaoLoginController.swift */ = {isa = PBXFileReference; lastKnownFileType = sourcecode.swift; path = KakaoLoginController.swift; sourceTree = "<group>"; };
		E5FF94D12B4C2EDC002AF035 /* APIKeys.xcconfig */ = {isa = PBXFileReference; lastKnownFileType = text.xcconfig; path = APIKeys.xcconfig; sourceTree = "<group>"; };
		E5FF94D22B4C3106002AF035 /* APIKey.swift */ = {isa = PBXFileReference; lastKnownFileType = sourcecode.swift; path = APIKey.swift; sourceTree = "<group>"; };
		E5FF94D52B4C44F6002AF035 /* CloseButton.swift */ = {isa = PBXFileReference; lastKnownFileType = sourcecode.swift; path = CloseButton.swift; sourceTree = "<group>"; };
		E5FF94D72B4C4A6A002AF035 /* PackyTextField.swift */ = {isa = PBXFileReference; lastKnownFileType = sourcecode.swift; path = PackyTextField.swift; sourceTree = "<group>"; };
/* End PBXFileReference section */

/* Begin PBXFrameworksBuildPhase section */
		E5D7495A2B4A72E100213F63 /* Frameworks */ = {
			isa = PBXFrameworksBuildPhase;
			buildActionMask = 2147483647;
			files = (
				E5D7497C2B4A7C3300213F63 /* Kingfisher in Frameworks */,
				E5D749792B4A7C1A00213F63 /* ComposableArchitecture in Frameworks */,
				E5D927CD2B514C9B0064FBA4 /* YouTubePlayerKit in Frameworks */,
				E5D749762B4A7B9200213F63 /* Alamofire in Frameworks */,
				E5E593BB2B4C2AB800C5A733 /* KakaoSDKUser in Frameworks */,
				E5E593B92B4C2AB800C5A733 /* KakaoSDKAuth in Frameworks */,
			);
			runOnlyForDeploymentPostprocessing = 0;
		};
/* End PBXFrameworksBuildPhase section */

/* Begin PBXGroup section */
		E51AB7672B52935400F4507C /* Style */ = {
			isa = PBXGroup;
			children = (
			);
			path = Style;
			sourceTree = "<group>";
		};
		E51AB7682B52975800F4507C /* MakeBox */ = {
			isa = PBXGroup;
			children = (
				E5F272FA2B52EC8F00588D83 /* MakeBoxFeature+Navigation.swift */,
				E5F272FB2B52EC8F00588D83 /* MakeBoxView.swift */,
				E5F272FC2B52EC8F00588D83 /* MakeBoxFeature.swift */,
				E5F273002B52F21D00588D83 /* BoxStartGuideView.swift */,
				E5F273012B52F21D00588D83 /* BoxStartGuideFeature.swift */,
			);
			path = MakeBox;
			sourceTree = "<group>";
		};
		E547DD1E2B502BC300641D6D /* Client */ = {
			isa = PBXGroup;
			children = (
				E547DD1F2B502BD500641D6D /* UserNotification */,
				E5F2C7CF2B4C1B44007387BC /* SocialLogin */,
			);
			path = Client;
			sourceTree = "<group>";
		};
		E547DD1F2B502BD500641D6D /* UserNotification */ = {
			isa = PBXGroup;
			children = (
				E547DD202B502BE300641D6D /* UserNotificationClient.swift */,
			);
			path = UserNotification;
			sourceTree = "<group>";
		};
		E560D4B52B4D80960098D603 /* SignUp */ = {
			isa = PBXGroup;
			children = (
				E560D4B62B4D80F50098D603 /* SignUpNavigation.swift */,
				E560D4C02B4D81210098D603 /* Nickname */,
				E560D4C12B4D81550098D603 /* Profile */,
				E5D749DB2B4AD24400213F63 /* TermsAgreement */,
			);
			path = SignUp;
			sourceTree = "<group>";
		};
		E560D4C02B4D81210098D603 /* Nickname */ = {
			isa = PBXGroup;
			children = (
				E560D4BC2B4D811F0098D603 /* SignUpNicknameView.swift */,
				E560D4BD2B4D811F0098D603 /* SignUpNicknameFeature.swift */,
			);
			path = Nickname;
			sourceTree = "<group>";
		};
		E560D4C12B4D81550098D603 /* Profile */ = {
			isa = PBXGroup;
			children = (
				E560D4C22B4D81630098D603 /* SignUpProfileView.swift */,
				E560D4C32B4D81630098D603 /* SignUpProfileFeature.swift */,
			);
			path = Profile;
			sourceTree = "<group>";
		};
		E5A7C9D92B4EBD9900F19D4A /* Model */ = {
			isa = PBXGroup;
			children = (
				E5A7C9DA2B4EBD9D00F19D4A /* Terms.swift */,
			);
			path = Model;
			sourceTree = "<group>";
		};
		E5A7C9DC2B4ECC9500F19D4A /* ViewModifiers */ = {
			isa = PBXGroup;
			children = (
				E5A7C9DD2B4ECCAB00F19D4A /* BouncyButtonStyle.swift */,
				E5C1D72E2B4FFD2B0073E575 /* BottomSheetModifier.swift */,
				E5D927CF2B514E280064FBA4 /* SpinningModifier.swift */,
			);
			path = ViewModifiers;
			sourceTree = "<group>";
		};
		E5D749542B4A72E100213F63 = {
			isa = PBXGroup;
			children = (
				E5D7495F2B4A72E100213F63 /* Packy */,
				E5D7495E2B4A72E100213F63 /* Products */,
				E5E593B72B4C2AB800C5A733 /* Frameworks */,
			);
			sourceTree = "<group>";
		};
		E5D7495E2B4A72E100213F63 /* Products */ = {
			isa = PBXGroup;
			children = (
				E5D7495D2B4A72E100213F63 /* Packy.app */,
			);
			name = Products;
			sourceTree = "<group>";
		};
		E5D7495F2B4A72E100213F63 /* Packy */ = {
			isa = PBXGroup;
			children = (
				E5D749802B4A7DA700213F63 /* App */,
				E5A7C9D92B4EBD9900F19D4A /* Model */,
				E5D7497E2B4A7D8100213F63 /* Screens */,
				E5D749F12B4AF32200213F63 /* Data */,
				E5D749A62B4AB64000213F63 /* DesignSystem */,
				E5D749C82B4AD0A500213F63 /* Core */,
				E5D7497F2B4A7D8400213F63 /* Resources */,
			);
			path = Packy;
			sourceTree = "<group>";
		};
		E5D749662B4A72E300213F63 /* Preview Content */ = {
			isa = PBXGroup;
			children = (
				E5D749672B4A72E300213F63 /* Preview Assets.xcassets */,
			);
			path = "Preview Content";
			sourceTree = "<group>";
		};
		E5D7497E2B4A7D8100213F63 /* Screens */ = {
			isa = PBXGroup;
			children = (
				E5D749C62B4AD08B00213F63 /* Root */,
				E5D749D02B4AD16B00213F63 /* Intro */,
				E5D749812B4A7DB500213F63 /* Home */,
			);
			path = Screens;
			sourceTree = "<group>";
		};
		E5D7497F2B4A7D8400213F63 /* Resources */ = {
			isa = PBXGroup;
			children = (
				E5D749A52B4AB51B00213F63 /* Info.plist */,
				E5D749642B4A72E300213F63 /* Assets.xcassets */,
				E5D7497D2B4A7D5800213F63 /* Packy.entitlements */,
				E5D7499B2B4AB4D500213F63 /* Font */,
				E5D749662B4A72E300213F63 /* Preview Content */,
			);
			path = Resources;
			sourceTree = "<group>";
		};
		E5D749802B4A7DA700213F63 /* App */ = {
			isa = PBXGroup;
			children = (
				E5D749602B4A72E100213F63 /* PackyApp.swift */,
				E5FF94D12B4C2EDC002AF035 /* APIKeys.xcconfig */,
			);
			path = App;
			sourceTree = "<group>";
		};
		E5D749812B4A7DB500213F63 /* Home */ = {
			isa = PBXGroup;
			children = (
				E51AB7682B52975800F4507C /* MakeBox */,
				E5D749E52B4AD3B100213F63 /* HomeView.swift */,
				E5D749E62B4AD3B100213F63 /* HomeFeature.swift */,
			);
			path = Home;
			sourceTree = "<group>";
		};
		E5D7499B2B4AB4D500213F63 /* Font */ = {
			isa = PBXGroup;
			children = (
				E5D749A12B4AB4EC00213F63 /* Pretendard-Black.otf */,
				E5D749A32B4AB4EC00213F63 /* Pretendard-Bold.otf */,
				E5D7499D2B4AB4EB00213F63 /* Pretendard-ExtraBold.otf */,
				E5D7499E2B4AB4EB00213F63 /* Pretendard-ExtraLight.otf */,
				E5D7499F2B4AB4EB00213F63 /* Pretendard-Light.otf */,
				E5D749A02B4AB4EC00213F63 /* Pretendard-Medium.otf */,
				E5D749A22B4AB4EC00213F63 /* Pretendard-Regular.otf */,
				E5D749A42B4AB4EC00213F63 /* Pretendard-SemiBold.otf */,
				E5D7499C2B4AB4EB00213F63 /* Pretendard-Thin.otf */,
			);
			path = Font;
			sourceTree = "<group>";
		};
		E5D749A62B4AB64000213F63 /* DesignSystem */ = {
			isa = PBXGroup;
			children = (
				E51AB7672B52935400F4507C /* Style */,
				E5D749C52B4AD05A00213F63 /* Components */,
				E5A7C9DC2B4ECC9500F19D4A /* ViewModifiers */,
				E5D927CE2B514DE50064FBA4 /* Extensions */,
				E5D749A72B4AB64600213F63 /* Font */,
			);
			path = DesignSystem;
			sourceTree = "<group>";
		};
		E5D749A72B4AB64600213F63 /* Font */ = {
			isa = PBXGroup;
			children = (
				E5D749AE2B4AC73100213F63 /* Font+Packy.swift */,
				E5D749AC2B4AC71900213F63 /* Font+Pretendard.swift */,
				E5D749AA2B4AC45400213F63 /* PackyFont.swift */,
				E5D749A82B4AB66700213F63 /* PretendardFont.swift */,
			);
			path = Font;
			sourceTree = "<group>";
		};
		E5D749C52B4AD05A00213F63 /* Components */ = {
			isa = PBXGroup;
			children = (
				E5A4572A2B4D7C570077EA61 /* Checkbox.swift */,
				E5FF94D52B4C44F6002AF035 /* CloseButton.swift */,
				E5D927C82B514AE20064FBA4 /* MusicPlayerView.swift */,
				E560D4D52B4DA0E70098D603 /* NavigationBar.swift */,
				E5D749EF2B4AEA4100213F63 /* PackyButton.swift */,
				E560D4CC2B4D8B490098D603 /* PackyNavigationLink.swift */,
				E5E25DB42B4D69ED00125DCE /* PackyTextArea.swift */,
				E5FF94D72B4C4A6A002AF035 /* PackyTextField.swift */,
				E5D749EB2B4AE3D900213F63 /* PageIndicator.swift */,
				E547DD2F2B51411600641D6D /* PhotoElement.swift */,
				E5A457282B4D7BEC0077EA61 /* Radio.swift */,
				E5D749E92B4AD85600213F63 /* SocialLoginButton.swift */,
				E5D927D32B5159B10064FBA4 /* CarouselView.swift */,
			);
			path = Components;
			sourceTree = "<group>";
		};
		E5D749C62B4AD08B00213F63 /* Root */ = {
			isa = PBXGroup;
			children = (
				E5D749CC2B4AD0D500213F63 /* RootView.swift */,
				E5D749CD2B4AD0D500213F63 /* RootFeature.swift */,
			);
			path = Root;
			sourceTree = "<group>";
		};
		E5D749C82B4AD0A500213F63 /* Core */ = {
			isa = PBXGroup;
			children = (
				E5D749CB2B4AD0AE00213F63 /* Network */,
				E5D749CA2B4AD0AA00213F63 /* Extensions */,
				E5D749C92B4AD0A800213F63 /* Util */,
			);
			path = Core;
			sourceTree = "<group>";
		};
		E5D749C92B4AD0A800213F63 /* Util */ = {
			isa = PBXGroup;
			children = (
				E5FF94D22B4C3106002AF035 /* APIKey.swift */,
				E560D4D92B4DACD30098D603 /* HapticManager.swift */,
				E5A7C9DF2B4EE6DC00F19D4A /* ATTManager.swift */,
			);
			path = Util;
			sourceTree = "<group>";
		};
		E5D749CA2B4AD0AA00213F63 /* Extensions */ = {
			isa = PBXGroup;
			children = (
			);
			path = Extensions;
			sourceTree = "<group>";
		};
		E5D749CB2B4AD0AE00213F63 /* Network */ = {
			isa = PBXGroup;
			children = (
			);
			path = Network;
			sourceTree = "<group>";
		};
		E5D749D02B4AD16B00213F63 /* Intro */ = {
			isa = PBXGroup;
			children = (
				E5D749E02B4AD28600213F63 /* Intro */,
				E5D749D92B4AD18000213F63 /* Onboarding */,
				E5D749DA2B4AD18800213F63 /* Login */,
				E560D4B52B4D80960098D603 /* SignUp */,
			);
			path = Intro;
			sourceTree = "<group>";
		};
		E5D749D92B4AD18000213F63 /* Onboarding */ = {
			isa = PBXGroup;
			children = (
				E5D749D12B4AD17700213F63 /* OnboardingView.swift */,
				E5D749D22B4AD17700213F63 /* OnboardingFeature.swift */,
				E5D749ED2B4AE5F500213F63 /* OnboardingPage.swift */,
			);
			path = Onboarding;
			sourceTree = "<group>";
		};
		E5D749DA2B4AD18800213F63 /* Login */ = {
			isa = PBXGroup;
			children = (
				E5D749D52B4AD17D00213F63 /* LoginView.swift */,
				E5D749D62B4AD17D00213F63 /* LoginFeature.swift */,
			);
			path = Login;
			sourceTree = "<group>";
		};
		E5D749DB2B4AD24400213F63 /* TermsAgreement */ = {
			isa = PBXGroup;
			children = (
				E5D749DC2B4AD25700213F63 /* TermsAgreementView.swift */,
				E5D749DD2B4AD25700213F63 /* TermsAgreementFeature.swift */,
			);
			path = TermsAgreement;
			sourceTree = "<group>";
		};
		E5D749E02B4AD28600213F63 /* Intro */ = {
			isa = PBXGroup;
			children = (
				E5D749E12B4AD28D00213F63 /* IntroView.swift */,
				E5D749E22B4AD28D00213F63 /* IntroFeature.swift */,
			);
			path = Intro;
			sourceTree = "<group>";
		};
		E5D749F12B4AF32200213F63 /* Data */ = {
			isa = PBXGroup;
			children = (
				E5F2C7CE2B4C1B34007387BC /* Network */,
				E5F2C7CD2B4C1B29007387BC /* Storage */,
				E547DD1E2B502BC300641D6D /* Client */,
			);
			path = Data;
			sourceTree = "<group>";
		};
		E5D927CE2B514DE50064FBA4 /* Extensions */ = {
			isa = PBXGroup;
			children = (
				E5E25DB62B4D712A00125DCE /* View+GetSize.swift */,
				E5F2C7CB2B4C183B007387BC /* Color+Hex.swift */,
				E560D4CE2B4D9A910098D603 /* TextField+LimitInputLength.swift */,
				E560D4D02B4D9CEB0098D603 /* View+HideKeyboard.swift */,
				E560D4D72B4DA9090098D603 /* UINavigationController+PopGesture.swift */,
				E547DD312B51460C00641D6D /* Image+ScaleToFillFrame.swift */,
				E547DD332B51474800641D6D /* View+If.swift */,
			);
			path = Extensions;
			sourceTree = "<group>";
		};
		E5E593B72B4C2AB800C5A733 /* Frameworks */ = {
			isa = PBXGroup;
			children = (
			);
			name = Frameworks;
			sourceTree = "<group>";
		};
		E5F2C7CD2B4C1B29007387BC /* Storage */ = {
			isa = PBXGroup;
			children = (
				E5D749F22B4AF34600213F63 /* UserDefaultsKey.swift */,
				E5D749F42B4AF37800213F63 /* UserDefaultsClient.swift */,
			);
			path = Storage;
			sourceTree = "<group>";
		};
		E5F2C7CE2B4C1B34007387BC /* Network */ = {
			isa = PBXGroup;
			children = (
			);
			path = Network;
			sourceTree = "<group>";
		};
		E5F2C7CF2B4C1B44007387BC /* SocialLogin */ = {
			isa = PBXGroup;
			children = (
				E5F2C7D62B4C1C96007387BC /* SocialLoginClient.swift */,
				E5F2C7D82B4C253C007387BC /* SocialLoginInfo.swift */,
				E5F2C7DC2B4C277A007387BC /* Controller */,
			);
			path = SocialLogin;
			sourceTree = "<group>";
		};
		E5F2C7DC2B4C277A007387BC /* Controller */ = {
			isa = PBXGroup;
			children = (
				E5F2C7DA2B4C2759007387BC /* AppleLoginController.swift */,
				E5F2C7DD2B4C281A007387BC /* KakaoLoginController.swift */,
			);
			path = Controller;
			sourceTree = "<group>";
		};
/* End PBXGroup section */

/* Begin PBXNativeTarget section */
		E5D7495C2B4A72E100213F63 /* Packy */ = {
			isa = PBXNativeTarget;
			buildConfigurationList = E5D7496B2B4A72E300213F63 /* Build configuration list for PBXNativeTarget "Packy" */;
			buildPhases = (
				E5D749592B4A72E100213F63 /* Sources */,
				E5D7495A2B4A72E100213F63 /* Frameworks */,
				E5D7495B2B4A72E100213F63 /* Resources */,
			);
			buildRules = (
			);
			dependencies = (
			);
			name = Packy;
			packageProductDependencies = (
				E5D749752B4A7B9200213F63 /* Alamofire */,
				E5D749782B4A7C1A00213F63 /* ComposableArchitecture */,
				E5D7497B2B4A7C3300213F63 /* Kingfisher */,
				E5E593B82B4C2AB800C5A733 /* KakaoSDKAuth */,
				E5E593BA2B4C2AB800C5A733 /* KakaoSDKUser */,
				E5D927CC2B514C9B0064FBA4 /* YouTubePlayerKit */,
			);
			productName = Packy;
			productReference = E5D7495D2B4A72E100213F63 /* Packy.app */;
			productType = "com.apple.product-type.application";
		};
/* End PBXNativeTarget section */

/* Begin PBXProject section */
		E5D749552B4A72E100213F63 /* Project object */ = {
			isa = PBXProject;
			attributes = {
				BuildIndependentTargetsInParallel = 1;
				LastSwiftUpdateCheck = 1500;
				LastUpgradeCheck = 1500;
				TargetAttributes = {
					E5D7495C2B4A72E100213F63 = {
						CreatedOnToolsVersion = 15.0;
					};
				};
			};
			buildConfigurationList = E5D749582B4A72E100213F63 /* Build configuration list for PBXProject "Packy" */;
			compatibilityVersion = "Xcode 14.0";
			developmentRegion = en;
			hasScannedForEncodings = 0;
			knownRegions = (
				en,
				Base,
			);
			mainGroup = E5D749542B4A72E100213F63;
			packageReferences = (
				E5D749742B4A7B9200213F63 /* XCRemoteSwiftPackageReference "Alamofire" */,
				E5D749772B4A7C1A00213F63 /* XCRemoteSwiftPackageReference "swift-composable-architecture" */,
				E5D7497A2B4A7C3300213F63 /* XCRemoteSwiftPackageReference "Kingfisher" */,
				E5F2C7E02B4C2A21007387BC /* XCRemoteSwiftPackageReference "kakao-ios-sdk" */,
				E5D927CB2B514BD20064FBA4 /* XCRemoteSwiftPackageReference "YouTubePlayerKit" */,
			);
			productRefGroup = E5D7495E2B4A72E100213F63 /* Products */;
			projectDirPath = "";
			projectRoot = "";
			targets = (
				E5D7495C2B4A72E100213F63 /* Packy */,
			);
		};
/* End PBXProject section */

/* Begin PBXResourcesBuildPhase section */
		E5D7495B2B4A72E100213F63 /* Resources */ = {
			isa = PBXResourcesBuildPhase;
			buildActionMask = 2147483647;
			files = (
				E5D749B92B4ACBF900213F63 /* Pretendard-Black.otf in Resources */,
				E5D749BA2B4ACBF900213F63 /* Pretendard-Bold.otf in Resources */,
				E5D749BB2B4ACBF900213F63 /* Pretendard-ExtraBold.otf in Resources */,
				E5D749BC2B4ACBF900213F63 /* Pretendard-ExtraLight.otf in Resources */,
				E5D749BD2B4ACBF900213F63 /* Pretendard-Light.otf in Resources */,
				E5D749BE2B4ACBF900213F63 /* Pretendard-Medium.otf in Resources */,
				E5D749BF2B4ACBF900213F63 /* Pretendard-Regular.otf in Resources */,
				E5D749C02B4ACBF900213F63 /* Pretendard-SemiBold.otf in Resources */,
				E5D749C12B4ACBF900213F63 /* Pretendard-Thin.otf in Resources */,
				E5D749682B4A72E300213F63 /* Preview Assets.xcassets in Resources */,
				E5D749652B4A72E300213F63 /* Assets.xcassets in Resources */,
			);
			runOnlyForDeploymentPostprocessing = 0;
		};
/* End PBXResourcesBuildPhase section */

/* Begin PBXSourcesBuildPhase section */
		E5D749592B4A72E100213F63 /* Sources */ = {
			isa = PBXSourcesBuildPhase;
			buildActionMask = 2147483647;
			files = (
				E5FF94D62B4C44F6002AF035 /* CloseButton.swift in Sources */,
				E5F2C7D92B4C253C007387BC /* SocialLoginInfo.swift in Sources */,
				E560D4C52B4D81630098D603 /* SignUpProfileFeature.swift in Sources */,
				E5D749A92B4AB66700213F63 /* PretendardFont.swift in Sources */,
				E560D4CF2B4D9A910098D603 /* TextField+LimitInputLength.swift in Sources */,
				E5D749AB2B4AC45400213F63 /* PackyFont.swift in Sources */,
				E5A4572B2B4D7C570077EA61 /* Checkbox.swift in Sources */,
				E5E25DB52B4D69ED00125DCE /* PackyTextArea.swift in Sources */,
				E5D749E32B4AD28D00213F63 /* IntroView.swift in Sources */,
				E5F272FF2B52EC8F00588D83 /* MakeBoxFeature.swift in Sources */,
				E5F2C7D72B4C1C96007387BC /* SocialLoginClient.swift in Sources */,
				E5A7C9E02B4EE6DC00F19D4A /* ATTManager.swift in Sources */,
				E5F2C7DB2B4C2759007387BC /* AppleLoginController.swift in Sources */,
				E5D749E82B4AD3B100213F63 /* HomeFeature.swift in Sources */,
				E5D749D82B4AD17D00213F63 /* LoginFeature.swift in Sources */,
				E5D927D02B514E280064FBA4 /* SpinningModifier.swift in Sources */,
				E5D749DE2B4AD25700213F63 /* TermsAgreementView.swift in Sources */,
				E5D749E72B4AD3B100213F63 /* HomeView.swift in Sources */,
				E5D749E42B4AD28D00213F63 /* IntroFeature.swift in Sources */,
				E5A7C9DB2B4EBD9D00F19D4A /* Terms.swift in Sources */,
				E5D749D32B4AD17700213F63 /* OnboardingView.swift in Sources */,
				E5D749AD2B4AC71900213F63 /* Font+Pretendard.swift in Sources */,
				E5D927C92B514AE20064FBA4 /* MusicPlayerView.swift in Sources */,
				E5F272FD2B52EC8F00588D83 /* MakeBoxFeature+Navigation.swift in Sources */,
				E5D749F32B4AF34600213F63 /* UserDefaultsKey.swift in Sources */,
				E547DD302B51411600641D6D /* PhotoElement.swift in Sources */,
				E5D749EC2B4AE3D900213F63 /* PageIndicator.swift in Sources */,
				E5D749D42B4AD17700213F63 /* OnboardingFeature.swift in Sources */,
				E5E25DB72B4D712A00125DCE /* View+GetSize.swift in Sources */,
				E5D749F02B4AEA4100213F63 /* PackyButton.swift in Sources */,
				E560D4C42B4D81630098D603 /* SignUpProfileView.swift in Sources */,
				E5D749CF2B4AD0D500213F63 /* RootFeature.swift in Sources */,
				E5D749DF2B4AD25700213F63 /* TermsAgreementFeature.swift in Sources */,
				E560D4BE2B4D811F0098D603 /* SignUpNicknameView.swift in Sources */,
				E560D4D62B4DA0E70098D603 /* NavigationBar.swift in Sources */,
				E5FF94D32B4C3106002AF035 /* APIKey.swift in Sources */,
				E5F273032B52F21D00588D83 /* BoxStartGuideFeature.swift in Sources */,
				E5F272FE2B52EC8F00588D83 /* MakeBoxView.swift in Sources */,
				E5D749F52B4AF37800213F63 /* UserDefaultsClient.swift in Sources */,
				E560D4D82B4DA9090098D603 /* UINavigationController+PopGesture.swift in Sources */,
				E5D927D42B5159B10064FBA4 /* CarouselView.swift in Sources */,
				E5F2C7CC2B4C183B007387BC /* Color+Hex.swift in Sources */,
				E5FF94D82B4C4A6A002AF035 /* PackyTextField.swift in Sources */,
				E547DD322B51460C00641D6D /* Image+ScaleToFillFrame.swift in Sources */,
				E5F2C7DE2B4C281A007387BC /* KakaoLoginController.swift in Sources */,
				E560D4BF2B4D811F0098D603 /* SignUpNicknameFeature.swift in Sources */,
				E5A457292B4D7BEC0077EA61 /* Radio.swift in Sources */,
				E5F273022B52F21D00588D83 /* BoxStartGuideView.swift in Sources */,
				E5D749CE2B4AD0D500213F63 /* RootView.swift in Sources */,
				E560D4B92B4D80F50098D603 /* SignUpNavigation.swift in Sources */,
				E560D4CD2B4D8B490098D603 /* PackyNavigationLink.swift in Sources */,
				E5D749D72B4AD17D00213F63 /* LoginView.swift in Sources */,
				E560D4DA2B4DACD30098D603 /* HapticManager.swift in Sources */,
				E547DD212B502BE300641D6D /* UserNotificationClient.swift in Sources */,
				E5D749612B4A72E100213F63 /* PackyApp.swift in Sources */,
				E5D749EA2B4AD85600213F63 /* SocialLoginButton.swift in Sources */,
				E5A7C9DE2B4ECCAB00F19D4A /* BouncyButtonStyle.swift in Sources */,
				E5D749AF2B4AC73100213F63 /* Font+Packy.swift in Sources */,
				E5C1D72F2B4FFD2B0073E575 /* BottomSheetModifier.swift in Sources */,
				E547DD342B51474800641D6D /* View+If.swift in Sources */,
				E5D749EE2B4AE5F500213F63 /* OnboardingPage.swift in Sources */,
				E560D4D12B4D9CEB0098D603 /* View+HideKeyboard.swift in Sources */,
			);
			runOnlyForDeploymentPostprocessing = 0;
		};
/* End PBXSourcesBuildPhase section */

/* Begin XCBuildConfiguration section */
		E5D749692B4A72E300213F63 /* Debug */ = {
			isa = XCBuildConfiguration;
			buildSettings = {
				ALWAYS_SEARCH_USER_PATHS = NO;
				ASSETCATALOG_COMPILER_GENERATE_SWIFT_ASSET_SYMBOL_EXTENSIONS = YES;
				CLANG_ANALYZER_NONNULL = YES;
				CLANG_ANALYZER_NUMBER_OBJECT_CONVERSION = YES_AGGRESSIVE;
				CLANG_CXX_LANGUAGE_STANDARD = "gnu++20";
				CLANG_ENABLE_MODULES = YES;
				CLANG_ENABLE_OBJC_ARC = YES;
				CLANG_ENABLE_OBJC_WEAK = YES;
				CLANG_WARN_BLOCK_CAPTURE_AUTORELEASING = YES;
				CLANG_WARN_BOOL_CONVERSION = YES;
				CLANG_WARN_COMMA = YES;
				CLANG_WARN_CONSTANT_CONVERSION = YES;
				CLANG_WARN_DEPRECATED_OBJC_IMPLEMENTATIONS = YES;
				CLANG_WARN_DIRECT_OBJC_ISA_USAGE = YES_ERROR;
				CLANG_WARN_DOCUMENTATION_COMMENTS = YES;
				CLANG_WARN_EMPTY_BODY = YES;
				CLANG_WARN_ENUM_CONVERSION = YES;
				CLANG_WARN_INFINITE_RECURSION = YES;
				CLANG_WARN_INT_CONVERSION = YES;
				CLANG_WARN_NON_LITERAL_NULL_CONVERSION = YES;
				CLANG_WARN_OBJC_IMPLICIT_RETAIN_SELF = YES;
				CLANG_WARN_OBJC_LITERAL_CONVERSION = YES;
				CLANG_WARN_OBJC_ROOT_CLASS = YES_ERROR;
				CLANG_WARN_QUOTED_INCLUDE_IN_FRAMEWORK_HEADER = YES;
				CLANG_WARN_RANGE_LOOP_ANALYSIS = YES;
				CLANG_WARN_STRICT_PROTOTYPES = YES;
				CLANG_WARN_SUSPICIOUS_MOVE = YES;
				CLANG_WARN_UNGUARDED_AVAILABILITY = YES_AGGRESSIVE;
				CLANG_WARN_UNREACHABLE_CODE = YES;
				CLANG_WARN__DUPLICATE_METHOD_MATCH = YES;
				COPY_PHASE_STRIP = NO;
				DEBUG_INFORMATION_FORMAT = dwarf;
				ENABLE_STRICT_OBJC_MSGSEND = YES;
				ENABLE_TESTABILITY = YES;
				ENABLE_USER_SCRIPT_SANDBOXING = YES;
				GCC_C_LANGUAGE_STANDARD = gnu17;
				GCC_DYNAMIC_NO_PIC = NO;
				GCC_NO_COMMON_BLOCKS = YES;
				GCC_OPTIMIZATION_LEVEL = 0;
				GCC_PREPROCESSOR_DEFINITIONS = (
					"DEBUG=1",
					"$(inherited)",
				);
				GCC_WARN_64_TO_32_BIT_CONVERSION = YES;
				GCC_WARN_ABOUT_RETURN_TYPE = YES_ERROR;
				GCC_WARN_UNDECLARED_SELECTOR = YES;
				GCC_WARN_UNINITIALIZED_AUTOS = YES_AGGRESSIVE;
				GCC_WARN_UNUSED_FUNCTION = YES;
				GCC_WARN_UNUSED_VARIABLE = YES;
				IPHONEOS_DEPLOYMENT_TARGET = 17.0;
				LOCALIZATION_PREFERS_STRING_CATALOGS = YES;
				MTL_ENABLE_DEBUG_INFO = INCLUDE_SOURCE;
				MTL_FAST_MATH = YES;
				ONLY_ACTIVE_ARCH = YES;
				SDKROOT = iphoneos;
				SWIFT_ACTIVE_COMPILATION_CONDITIONS = "DEBUG $(inherited)";
				SWIFT_OPTIMIZATION_LEVEL = "-Onone";
			};
			name = Debug;
		};
		E5D7496A2B4A72E300213F63 /* Release */ = {
			isa = XCBuildConfiguration;
			buildSettings = {
				ALWAYS_SEARCH_USER_PATHS = NO;
				ASSETCATALOG_COMPILER_GENERATE_SWIFT_ASSET_SYMBOL_EXTENSIONS = YES;
				CLANG_ANALYZER_NONNULL = YES;
				CLANG_ANALYZER_NUMBER_OBJECT_CONVERSION = YES_AGGRESSIVE;
				CLANG_CXX_LANGUAGE_STANDARD = "gnu++20";
				CLANG_ENABLE_MODULES = YES;
				CLANG_ENABLE_OBJC_ARC = YES;
				CLANG_ENABLE_OBJC_WEAK = YES;
				CLANG_WARN_BLOCK_CAPTURE_AUTORELEASING = YES;
				CLANG_WARN_BOOL_CONVERSION = YES;
				CLANG_WARN_COMMA = YES;
				CLANG_WARN_CONSTANT_CONVERSION = YES;
				CLANG_WARN_DEPRECATED_OBJC_IMPLEMENTATIONS = YES;
				CLANG_WARN_DIRECT_OBJC_ISA_USAGE = YES_ERROR;
				CLANG_WARN_DOCUMENTATION_COMMENTS = YES;
				CLANG_WARN_EMPTY_BODY = YES;
				CLANG_WARN_ENUM_CONVERSION = YES;
				CLANG_WARN_INFINITE_RECURSION = YES;
				CLANG_WARN_INT_CONVERSION = YES;
				CLANG_WARN_NON_LITERAL_NULL_CONVERSION = YES;
				CLANG_WARN_OBJC_IMPLICIT_RETAIN_SELF = YES;
				CLANG_WARN_OBJC_LITERAL_CONVERSION = YES;
				CLANG_WARN_OBJC_ROOT_CLASS = YES_ERROR;
				CLANG_WARN_QUOTED_INCLUDE_IN_FRAMEWORK_HEADER = YES;
				CLANG_WARN_RANGE_LOOP_ANALYSIS = YES;
				CLANG_WARN_STRICT_PROTOTYPES = YES;
				CLANG_WARN_SUSPICIOUS_MOVE = YES;
				CLANG_WARN_UNGUARDED_AVAILABILITY = YES_AGGRESSIVE;
				CLANG_WARN_UNREACHABLE_CODE = YES;
				CLANG_WARN__DUPLICATE_METHOD_MATCH = YES;
				COPY_PHASE_STRIP = NO;
				DEBUG_INFORMATION_FORMAT = "dwarf-with-dsym";
				ENABLE_NS_ASSERTIONS = NO;
				ENABLE_STRICT_OBJC_MSGSEND = YES;
				ENABLE_USER_SCRIPT_SANDBOXING = YES;
				GCC_C_LANGUAGE_STANDARD = gnu17;
				GCC_NO_COMMON_BLOCKS = YES;
				GCC_WARN_64_TO_32_BIT_CONVERSION = YES;
				GCC_WARN_ABOUT_RETURN_TYPE = YES_ERROR;
				GCC_WARN_UNDECLARED_SELECTOR = YES;
				GCC_WARN_UNINITIALIZED_AUTOS = YES_AGGRESSIVE;
				GCC_WARN_UNUSED_FUNCTION = YES;
				GCC_WARN_UNUSED_VARIABLE = YES;
				IPHONEOS_DEPLOYMENT_TARGET = 17.0;
				LOCALIZATION_PREFERS_STRING_CATALOGS = YES;
				MTL_ENABLE_DEBUG_INFO = NO;
				MTL_FAST_MATH = YES;
				SDKROOT = iphoneos;
				SWIFT_COMPILATION_MODE = wholemodule;
				VALIDATE_PRODUCT = YES;
			};
			name = Release;
		};
		E5D7496C2B4A72E300213F63 /* Debug */ = {
			isa = XCBuildConfiguration;
			baseConfigurationReference = E5FF94D12B4C2EDC002AF035 /* APIKeys.xcconfig */;
			buildSettings = {
				ASSETCATALOG_COMPILER_APPICON_NAME = AppIcon;
				ASSETCATALOG_COMPILER_GLOBAL_ACCENT_COLOR_NAME = AccentColor;
				CODE_SIGN_ENTITLEMENTS = Packy/Resources/Packy.entitlements;
				CODE_SIGN_STYLE = Automatic;
				CURRENT_PROJECT_VERSION = 1;
				DEVELOPMENT_ASSET_PATHS = "\"Packy/Resources/Preview Content\"";
				DEVELOPMENT_TEAM = TZ3VZ8CUCV;
				ENABLE_PREVIEWS = YES;
				GENERATE_INFOPLIST_FILE = YES;
				INFOPLIST_FILE = Packy/Resources/Info.plist;
				INFOPLIST_KEY_UIApplicationSceneManifest_Generation = YES;
				INFOPLIST_KEY_UIApplicationSupportsIndirectInputEvents = YES;
				INFOPLIST_KEY_UILaunchScreen_Generation = YES;
				INFOPLIST_KEY_UIStatusBarStyle = UIStatusBarStyleLightContent;
				INFOPLIST_KEY_UISupportedInterfaceOrientations = UIInterfaceOrientationPortrait;
				INFOPLIST_KEY_UISupportedInterfaceOrientations_iPad = "UIInterfaceOrientationLandscapeLeft UIInterfaceOrientationLandscapeRight UIInterfaceOrientationPortrait UIInterfaceOrientationPortraitUpsideDown";
				INFOPLIST_KEY_UIUserInterfaceStyle = Light;
				LD_RUNPATH_SEARCH_PATHS = (
					"$(inherited)",
					"@executable_path/Frameworks",
				);
				MARKETING_VERSION = 1.0;
				PRODUCT_BUNDLE_IDENTIFIER = com.dilly.Packy;
				PRODUCT_NAME = "$(TARGET_NAME)";
				SUPPORTED_PLATFORMS = "iphoneos iphonesimulator";
				SUPPORTS_MACCATALYST = NO;
				SUPPORTS_MAC_DESIGNED_FOR_IPHONE_IPAD = NO;
				SWIFT_EMIT_LOC_STRINGS = YES;
				SWIFT_VERSION = 5.0;
				TARGETED_DEVICE_FAMILY = 1;
			};
			name = Debug;
		};
		E5D7496D2B4A72E300213F63 /* Release */ = {
			isa = XCBuildConfiguration;
			baseConfigurationReference = E5FF94D12B4C2EDC002AF035 /* APIKeys.xcconfig */;
			buildSettings = {
				ASSETCATALOG_COMPILER_APPICON_NAME = AppIcon;
				ASSETCATALOG_COMPILER_GLOBAL_ACCENT_COLOR_NAME = AccentColor;
				CODE_SIGN_ENTITLEMENTS = Packy/Resources/Packy.entitlements;
				CODE_SIGN_STYLE = Automatic;
				CURRENT_PROJECT_VERSION = 1;
				DEVELOPMENT_ASSET_PATHS = "\"Packy/Resources/Preview Content\"";
				DEVELOPMENT_TEAM = TZ3VZ8CUCV;
				ENABLE_PREVIEWS = YES;
				GENERATE_INFOPLIST_FILE = YES;
				INFOPLIST_FILE = Packy/Resources/Info.plist;
				INFOPLIST_KEY_UIApplicationSceneManifest_Generation = YES;
				INFOPLIST_KEY_UIApplicationSupportsIndirectInputEvents = YES;
				INFOPLIST_KEY_UILaunchScreen_Generation = YES;
				INFOPLIST_KEY_UIStatusBarStyle = UIStatusBarStyleLightContent;
				INFOPLIST_KEY_UISupportedInterfaceOrientations = UIInterfaceOrientationPortrait;
				INFOPLIST_KEY_UISupportedInterfaceOrientations_iPad = "UIInterfaceOrientationLandscapeLeft UIInterfaceOrientationLandscapeRight UIInterfaceOrientationPortrait UIInterfaceOrientationPortraitUpsideDown";
				INFOPLIST_KEY_UIUserInterfaceStyle = Light;
				LD_RUNPATH_SEARCH_PATHS = (
					"$(inherited)",
					"@executable_path/Frameworks",
				);
				MARKETING_VERSION = 1.0;
				PRODUCT_BUNDLE_IDENTIFIER = com.dilly.Packy;
				PRODUCT_NAME = "$(TARGET_NAME)";
				SUPPORTED_PLATFORMS = "iphoneos iphonesimulator";
				SUPPORTS_MACCATALYST = NO;
				SUPPORTS_MAC_DESIGNED_FOR_IPHONE_IPAD = NO;
				SWIFT_EMIT_LOC_STRINGS = YES;
				SWIFT_VERSION = 5.0;
				TARGETED_DEVICE_FAMILY = 1;
			};
			name = Release;
		};
/* End XCBuildConfiguration section */

/* Begin XCConfigurationList section */
		E5D749582B4A72E100213F63 /* Build configuration list for PBXProject "Packy" */ = {
			isa = XCConfigurationList;
			buildConfigurations = (
				E5D749692B4A72E300213F63 /* Debug */,
				E5D7496A2B4A72E300213F63 /* Release */,
			);
			defaultConfigurationIsVisible = 0;
			defaultConfigurationName = Release;
		};
		E5D7496B2B4A72E300213F63 /* Build configuration list for PBXNativeTarget "Packy" */ = {
			isa = XCConfigurationList;
			buildConfigurations = (
				E5D7496C2B4A72E300213F63 /* Debug */,
				E5D7496D2B4A72E300213F63 /* Release */,
			);
			defaultConfigurationIsVisible = 0;
			defaultConfigurationName = Release;
		};
/* End XCConfigurationList section */

/* Begin XCRemoteSwiftPackageReference section */
		E5D749742B4A7B9200213F63 /* XCRemoteSwiftPackageReference "Alamofire" */ = {
			isa = XCRemoteSwiftPackageReference;
			repositoryURL = "git@github.com:Alamofire/Alamofire.git";
			requirement = {
				kind = upToNextMajorVersion;
				minimumVersion = 5.8.1;
			};
		};
		E5D749772B4A7C1A00213F63 /* XCRemoteSwiftPackageReference "swift-composable-architecture" */ = {
			isa = XCRemoteSwiftPackageReference;
			repositoryURL = "git@github.com:pointfreeco/swift-composable-architecture.git";
			requirement = {
				kind = upToNextMajorVersion;
				minimumVersion = 1.5.6;
			};
		};
		E5D7497A2B4A7C3300213F63 /* XCRemoteSwiftPackageReference "Kingfisher" */ = {
			isa = XCRemoteSwiftPackageReference;
			repositoryURL = "git@github.com:onevcat/Kingfisher.git";
			requirement = {
				kind = upToNextMajorVersion;
				minimumVersion = 7.10.1;
			};
		};
		E5D927CB2B514BD20064FBA4 /* XCRemoteSwiftPackageReference "YouTubePlayerKit" */ = {
			isa = XCRemoteSwiftPackageReference;
			repositoryURL = "git@github.com:SvenTiigi/YouTubePlayerKit.git";
			requirement = {
				kind = upToNextMajorVersion;
				minimumVersion = 1.6.0;
			};
		};
		E5F2C7E02B4C2A21007387BC /* XCRemoteSwiftPackageReference "kakao-ios-sdk" */ = {
			isa = XCRemoteSwiftPackageReference;
			repositoryURL = "https://github.com/kakao/kakao-ios-sdk";
			requirement = {
				branch = master;
				kind = branch;
			};
		};
/* End XCRemoteSwiftPackageReference section */

/* Begin XCSwiftPackageProductDependency section */
		E5D749752B4A7B9200213F63 /* Alamofire */ = {
			isa = XCSwiftPackageProductDependency;
			package = E5D749742B4A7B9200213F63 /* XCRemoteSwiftPackageReference "Alamofire" */;
			productName = Alamofire;
		};
		E5D749782B4A7C1A00213F63 /* ComposableArchitecture */ = {
			isa = XCSwiftPackageProductDependency;
			package = E5D749772B4A7C1A00213F63 /* XCRemoteSwiftPackageReference "swift-composable-architecture" */;
			productName = ComposableArchitecture;
		};
		E5D7497B2B4A7C3300213F63 /* Kingfisher */ = {
			isa = XCSwiftPackageProductDependency;
			package = E5D7497A2B4A7C3300213F63 /* XCRemoteSwiftPackageReference "Kingfisher" */;
			productName = Kingfisher;
		};
		E5D927CC2B514C9B0064FBA4 /* YouTubePlayerKit */ = {
			isa = XCSwiftPackageProductDependency;
			package = E5D927CB2B514BD20064FBA4 /* XCRemoteSwiftPackageReference "YouTubePlayerKit" */;
			productName = YouTubePlayerKit;
		};
		E5E593B82B4C2AB800C5A733 /* KakaoSDKAuth */ = {
			isa = XCSwiftPackageProductDependency;
			package = E5F2C7E02B4C2A21007387BC /* XCRemoteSwiftPackageReference "kakao-ios-sdk" */;
			productName = KakaoSDKAuth;
		};
		E5E593BA2B4C2AB800C5A733 /* KakaoSDKUser */ = {
			isa = XCSwiftPackageProductDependency;
			package = E5F2C7E02B4C2A21007387BC /* XCRemoteSwiftPackageReference "kakao-ios-sdk" */;
			productName = KakaoSDKUser;
		};
/* End XCSwiftPackageProductDependency section */
	};
	rootObject = E5D749552B4A72E100213F63 /* Project object */;
}
